// !$*UTF8*$!
{
	archiveVersion = 1;
	classes = {
	};
	objectVersion = 48;
	objects = {

/* Begin PBXBuildFile section */
		7DFD04DE860B312041FF064E /* Pods_LinkTree.framework in Frameworks */ = {isa = PBXBuildFile; fileRef = 6F9BA698EE050BD36F6C30D7 /* Pods_LinkTree.framework */; };
		F7267EF820982C6C003F3CB3 /* LTTabBarItemBaseHelper.h.m in Sources */ = {isa = PBXBuildFile; fileRef = F7267EF020982C6C003F3CB3 /* LTTabBarItemBaseHelper.h.m */; };
		F7267EF920982C6C003F3CB3 /* LTTabBarItemModel.m in Sources */ = {isa = PBXBuildFile; fileRef = F7267EF220982C6C003F3CB3 /* LTTabBarItemModel.m */; };
		F7267EFA20982C6C003F3CB3 /* LTCustomTabBar.m in Sources */ = {isa = PBXBuildFile; fileRef = F7267EF420982C6C003F3CB3 /* LTCustomTabBar.m */; };
		F7267EFB20982C6D003F3CB3 /* LTTabBarAdapter.m in Sources */ = {isa = PBXBuildFile; fileRef = F7267EF520982C6C003F3CB3 /* LTTabBarAdapter.m */; };
		F7267F0A20987A16003F3CB3 /* InfoPlist.strings in Resources */ = {isa = PBXBuildFile; fileRef = F7267F0C20987A16003F3CB3 /* InfoPlist.strings */; };
		F7267F1120987A59003F3CB3 /* Localizable.strings in Resources */ = {isa = PBXBuildFile; fileRef = F7267F1320987A59003F3CB3 /* Localizable.strings */; };
		F72DFD7B20961B8500E2FA3A /* NSDictionary+LTExtension.m in Sources */ = {isa = PBXBuildFile; fileRef = F72DFD4820961B8500E2FA3A /* NSDictionary+LTExtension.m */; };
		F72DFD7C20961B8500E2FA3A /* NSMutableDictionary+LTExtension.m in Sources */ = {isa = PBXBuildFile; fileRef = F72DFD4920961B8500E2FA3A /* NSMutableDictionary+LTExtension.m */; };
		F72DFD7D20961B8500E2FA3A /* NSData+LTExtension.m in Sources */ = {isa = PBXBuildFile; fileRef = F72DFD4E20961B8500E2FA3A /* NSData+LTExtension.m */; };
		F72DFD7E20961B8500E2FA3A /* NSMutableData+LTExtension.m in Sources */ = {isa = PBXBuildFile; fileRef = F72DFD4F20961B8500E2FA3A /* NSMutableData+LTExtension.m */; };
		F72DFD7F20961B8500E2FA3A /* NSString+LTExtension.m in Sources */ = {isa = PBXBuildFile; fileRef = F72DFD5220961B8500E2FA3A /* NSString+LTExtension.m */; };
		F72DFD8020961B8500E2FA3A /* NSMutableAttributedString+LTExtension.m in Sources */ = {isa = PBXBuildFile; fileRef = F72DFD5520961B8500E2FA3A /* NSMutableAttributedString+LTExtension.m */; };
		F72DFD8120961B8500E2FA3A /* NSAttributedString+LTExtension.m in Sources */ = {isa = PBXBuildFile; fileRef = F72DFD5620961B8500E2FA3A /* NSAttributedString+LTExtension.m */; };
		F72DFD8220961B8500E2FA3A /* NSMutableString+LTExtension.m in Sources */ = {isa = PBXBuildFile; fileRef = F72DFD5820961B8500E2FA3A /* NSMutableString+LTExtension.m */; };
		F72DFD8320961B8500E2FA3A /* NSArray+LTExtension.m in Sources */ = {isa = PBXBuildFile; fileRef = F72DFD5B20961B8500E2FA3A /* NSArray+LTExtension.m */; };
		F72DFD8420961B8500E2FA3A /* NSMutableArray+LTExtension.m in Sources */ = {isa = PBXBuildFile; fileRef = F72DFD5C20961B8500E2FA3A /* NSMutableArray+LTExtension.m */; };
		F72DFD8520961B8500E2FA3A /* NSObject+LTExtension.m in Sources */ = {isa = PBXBuildFile; fileRef = F72DFD6020961B8500E2FA3A /* NSObject+LTExtension.m */; };
		F72DFD8620961B8500E2FA3A /* NSDate+LTExtension.m in Sources */ = {isa = PBXBuildFile; fileRef = F72DFD6420961B8500E2FA3A /* NSDate+LTExtension.m */; };
		F72DFD8720961B8500E2FA3A /* UIColor+LTExtension.m in Sources */ = {isa = PBXBuildFile; fileRef = F72DFD6B20961B8500E2FA3A /* UIColor+LTExtension.m */; };
		F72DFD8820961B8500E2FA3A /* LTUIHelper.m in Sources */ = {isa = PBXBuildFile; fileRef = F72DFD6C20961B8500E2FA3A /* LTUIHelper.m */; };
		F72DFD8920961B8500E2FA3A /* LTRequestClient.m in Sources */ = {isa = PBXBuildFile; fileRef = F72DFD7020961B8500E2FA3A /* LTRequestClient.m */; };
		F72DFD8A20961B8500E2FA3A /* LTNetworkClient.m in Sources */ = {isa = PBXBuildFile; fileRef = F72DFD7120961B8500E2FA3A /* LTNetworkClient.m */; };
		F72DFD8B20961B8500E2FA3A /* LTMultiRequestClient.m in Sources */ = {isa = PBXBuildFile; fileRef = F72DFD7820961B8500E2FA3A /* LTMultiRequestClient.m */; };
		F72DFD8C20961B8500E2FA3A /* LTDotNetAPIClient.m in Sources */ = {isa = PBXBuildFile; fileRef = F72DFD7920961B8500E2FA3A /* LTDotNetAPIClient.m */; };
		F72DFD8D20961B8500E2FA3A /* LTRequestError.m in Sources */ = {isa = PBXBuildFile; fileRef = F72DFD7A20961B8500E2FA3A /* LTRequestError.m */; };
		F72DFD942096AA5800E2FA3A /* LTBaseModel.m in Sources */ = {isa = PBXBuildFile; fileRef = F72DFD932096AA5800E2FA3A /* LTBaseModel.m */; };
		F72DFD972096AA8800E2FA3A /* LTBaseButton.m in Sources */ = {isa = PBXBuildFile; fileRef = F72DFD962096AA8800E2FA3A /* LTBaseButton.m */; };
		F72DFD9A2096AAA300E2FA3A /* LTBaseLabel.m in Sources */ = {isa = PBXBuildFile; fileRef = F72DFD992096AAA300E2FA3A /* LTBaseLabel.m */; };
		F72DFD9D2096AAC600E2FA3A /* LTBaseTableView.m in Sources */ = {isa = PBXBuildFile; fileRef = F72DFD9C2096AAC600E2FA3A /* LTBaseTableView.m */; };
		F72DFDA02096AAE100E2FA3A /* LTBaseCollectionView.m in Sources */ = {isa = PBXBuildFile; fileRef = F72DFD9F2096AAE100E2FA3A /* LTBaseCollectionView.m */; };
		F72DFDA32096AAF500E2FA3A /* LTBaseScrollView.m in Sources */ = {isa = PBXBuildFile; fileRef = F72DFDA22096AAF500E2FA3A /* LTBaseScrollView.m */; };
		F72DFDA62096AB4A00E2FA3A /* LTBaseViewController.m in Sources */ = {isa = PBXBuildFile; fileRef = F72DFDA52096AB4A00E2FA3A /* LTBaseViewController.m */; };
		F72DFDA92096AB6F00E2FA3A /* LTBaseNavigationController.m in Sources */ = {isa = PBXBuildFile; fileRef = F72DFDA82096AB6F00E2FA3A /* LTBaseNavigationController.m */; };
		F72DFDAC2096AB9200E2FA3A /* LTBaseTabBarController.m in Sources */ = {isa = PBXBuildFile; fileRef = F72DFDAB2096AB9200E2FA3A /* LTBaseTabBarController.m */; };
		F72DFDAF2096ACB400E2FA3A /* LTBaseView.m in Sources */ = {isa = PBXBuildFile; fileRef = F72DFDAE2096ACB400E2FA3A /* LTBaseView.m */; };
		F776B1332098B75F0070A027 /* MOCALoginVC.m in Sources */ = {isa = PBXBuildFile; fileRef = F776B1312098B75F0070A027 /* MOCALoginVC.m */; };
		F776B1342098B75F0070A027 /* MOCALoginVC.xib in Resources */ = {isa = PBXBuildFile; fileRef = F776B1322098B75F0070A027 /* MOCALoginVC.xib */; };

		F7F5EE9C2062935900098DCC /* AppDelegate.m in Sources */ = {isa = PBXBuildFile; fileRef = F7F5EE9B2062935900098DCC /* AppDelegate.m */; };
		F7F5EE9F2062935900098DCC /* ViewController.m in Sources */ = {isa = PBXBuildFile; fileRef = F7F5EE9E2062935900098DCC /* ViewController.m */; };
		F7F5EEA22062935900098DCC /* Main.storyboard in Resources */ = {isa = PBXBuildFile; fileRef = F7F5EEA02062935900098DCC /* Main.storyboard */; };
		F7F5EEA42062935900098DCC /* Assets.xcassets in Resources */ = {isa = PBXBuildFile; fileRef = F7F5EEA32062935900098DCC /* Assets.xcassets */; };
		F7F5EEA72062935900098DCC /* LaunchScreen.storyboard in Resources */ = {isa = PBXBuildFile; fileRef = F7F5EEA52062935900098DCC /* LaunchScreen.storyboard */; };
		F7F5EEAA2062935900098DCC /* main.m in Sources */ = {isa = PBXBuildFile; fileRef = F7F5EEA92062935900098DCC /* main.m */; };
		F7F5EEB42062935900098DCC /* LinkTreeTests.m in Sources */ = {isa = PBXBuildFile; fileRef = F7F5EEB32062935900098DCC /* LinkTreeTests.m */; };
		F7F5EEBF2062935900098DCC /* LinkTreeUITests.m in Sources */ = {isa = PBXBuildFile; fileRef = F7F5EEBE2062935900098DCC /* LinkTreeUITests.m */; };
/* End PBXBuildFile section */

/* Begin PBXContainerItemProxy section */
		F7F5EEB02062935900098DCC /* PBXContainerItemProxy */ = {
			isa = PBXContainerItemProxy;
			containerPortal = F7F5EE8F2062935900098DCC /* Project object */;
			proxyType = 1;
			remoteGlobalIDString = F7F5EE962062935900098DCC;
			remoteInfo = LinkTree;
		};
		F7F5EEBB2062935900098DCC /* PBXContainerItemProxy */ = {
			isa = PBXContainerItemProxy;
			containerPortal = F7F5EE8F2062935900098DCC /* Project object */;
			proxyType = 1;
			remoteGlobalIDString = F7F5EE962062935900098DCC;
			remoteInfo = LinkTree;
		};
/* End PBXContainerItemProxy section */

/* Begin PBXFileReference section */
		6F9BA698EE050BD36F6C30D7 /* Pods_LinkTree.framework */ = {isa = PBXFileReference; explicitFileType = wrapper.framework; includeInIndex = 0; path = Pods_LinkTree.framework; sourceTree = BUILT_PRODUCTS_DIR; };
		8374CD63E4F8D71AC2AB095A /* Pods-LinkTree.release.xcconfig */ = {isa = PBXFileReference; includeInIndex = 1; lastKnownFileType = text.xcconfig; name = "Pods-LinkTree.release.xcconfig"; path = "Pods/Target Support Files/Pods-LinkTree/Pods-LinkTree.release.xcconfig"; sourceTree = "<group>"; };
		CCAD5C58E68A893D836EB9F7 /* Pods-LinkTree.debug.xcconfig */ = {isa = PBXFileReference; includeInIndex = 1; lastKnownFileType = text.xcconfig; name = "Pods-LinkTree.debug.xcconfig"; path = "Pods/Target Support Files/Pods-LinkTree/Pods-LinkTree.debug.xcconfig"; sourceTree = "<group>"; };
		F7267EF020982C6C003F3CB3 /* LTTabBarItemBaseHelper.h.m */ = {isa = PBXFileReference; fileEncoding = 4; lastKnownFileType = sourcecode.c.objc; path = LTTabBarItemBaseHelper.h.m; sourceTree = "<group>"; };
		F7267EF120982C6C003F3CB3 /* LTCustomTabBar.h */ = {isa = PBXFileReference; fileEncoding = 4; lastKnownFileType = sourcecode.c.h; path = LTCustomTabBar.h; sourceTree = "<group>"; };
		F7267EF220982C6C003F3CB3 /* LTTabBarItemModel.m */ = {isa = PBXFileReference; fileEncoding = 4; lastKnownFileType = sourcecode.c.objc; path = LTTabBarItemModel.m; sourceTree = "<group>"; };
		F7267EF320982C6C003F3CB3 /* LTTabBarItemModel.h */ = {isa = PBXFileReference; fileEncoding = 4; lastKnownFileType = sourcecode.c.h; path = LTTabBarItemModel.h; sourceTree = "<group>"; };
		F7267EF420982C6C003F3CB3 /* LTCustomTabBar.m */ = {isa = PBXFileReference; fileEncoding = 4; lastKnownFileType = sourcecode.c.objc; path = LTCustomTabBar.m; sourceTree = "<group>"; };
		F7267EF520982C6C003F3CB3 /* LTTabBarAdapter.m */ = {isa = PBXFileReference; fileEncoding = 4; lastKnownFileType = sourcecode.c.objc; path = LTTabBarAdapter.m; sourceTree = "<group>"; };
		F7267EF620982C6C003F3CB3 /* LTTabBarItemBaseHelper.h */ = {isa = PBXFileReference; fileEncoding = 4; lastKnownFileType = sourcecode.c.h; path = LTTabBarItemBaseHelper.h; sourceTree = "<group>"; };
		F7267EF720982C6C003F3CB3 /* LTTabBarAdapter.h */ = {isa = PBXFileReference; fileEncoding = 4; lastKnownFileType = sourcecode.c.h; path = LTTabBarAdapter.h; sourceTree = "<group>"; };
		F7267F042098797C003F3CB3 /* zh-Hans */ = {isa = PBXFileReference; lastKnownFileType = text.plist.strings; name = "zh-Hans"; path = "zh-Hans.lproj/Main.strings"; sourceTree = "<group>"; };
		F7267F052098797C003F3CB3 /* zh-Hans */ = {isa = PBXFileReference; lastKnownFileType = text.plist.strings; name = "zh-Hans"; path = "zh-Hans.lproj/LaunchScreen.strings"; sourceTree = "<group>"; };
		F7267F0620987981003F3CB3 /* zh-Hant */ = {isa = PBXFileReference; lastKnownFileType = text.plist.strings; name = "zh-Hant"; path = "zh-Hant.lproj/Main.strings"; sourceTree = "<group>"; };
		F7267F0720987981003F3CB3 /* zh-Hant */ = {isa = PBXFileReference; lastKnownFileType = text.plist.strings; name = "zh-Hant"; path = "zh-Hant.lproj/LaunchScreen.strings"; sourceTree = "<group>"; };
		F7267F0B20987A16003F3CB3 /* en */ = {isa = PBXFileReference; lastKnownFileType = text.plist.strings; name = en; path = en.lproj/InfoPlist.strings; sourceTree = "<group>"; };
		F7267F0D20987A17003F3CB3 /* zh-Hans */ = {isa = PBXFileReference; lastKnownFileType = text.plist.strings; name = "zh-Hans"; path = "zh-Hans.lproj/InfoPlist.strings"; sourceTree = "<group>"; };
		F7267F0E20987A1A003F3CB3 /* zh-Hant */ = {isa = PBXFileReference; lastKnownFileType = text.plist.strings; name = "zh-Hant"; path = "zh-Hant.lproj/InfoPlist.strings"; sourceTree = "<group>"; };
		F7267F1220987A59003F3CB3 /* en */ = {isa = PBXFileReference; lastKnownFileType = text.plist.strings; name = en; path = en.lproj/Localizable.strings; sourceTree = "<group>"; };
		F7267F1420987A5A003F3CB3 /* zh-Hans */ = {isa = PBXFileReference; lastKnownFileType = text.plist.strings; name = "zh-Hans"; path = "zh-Hans.lproj/Localizable.strings"; sourceTree = "<group>"; };
		F7267F1520987A5B003F3CB3 /* zh-Hant */ = {isa = PBXFileReference; lastKnownFileType = text.plist.strings; name = "zh-Hant"; path = "zh-Hant.lproj/Localizable.strings"; sourceTree = "<group>"; };
		F72DFD4720961B8500E2FA3A /* NSMutableDictionary+LTExtension.h */ = {isa = PBXFileReference; fileEncoding = 4; lastKnownFileType = sourcecode.c.h; path = "NSMutableDictionary+LTExtension.h"; sourceTree = "<group>"; };
		F72DFD4820961B8500E2FA3A /* NSDictionary+LTExtension.m */ = {isa = PBXFileReference; fileEncoding = 4; lastKnownFileType = sourcecode.c.objc; path = "NSDictionary+LTExtension.m"; sourceTree = "<group>"; };
		F72DFD4920961B8500E2FA3A /* NSMutableDictionary+LTExtension.m */ = {isa = PBXFileReference; fileEncoding = 4; lastKnownFileType = sourcecode.c.objc; path = "NSMutableDictionary+LTExtension.m"; sourceTree = "<group>"; };
		F72DFD4A20961B8500E2FA3A /* NSDictionary+LTExtension.h */ = {isa = PBXFileReference; fileEncoding = 4; lastKnownFileType = sourcecode.c.h; path = "NSDictionary+LTExtension.h"; sourceTree = "<group>"; };
		F72DFD4C20961B8500E2FA3A /* NSData+LTExtension.h */ = {isa = PBXFileReference; fileEncoding = 4; lastKnownFileType = sourcecode.c.h; path = "NSData+LTExtension.h"; sourceTree = "<group>"; };
		F72DFD4D20961B8500E2FA3A /* NSMutableData+LTExtension.h */ = {isa = PBXFileReference; fileEncoding = 4; lastKnownFileType = sourcecode.c.h; path = "NSMutableData+LTExtension.h"; sourceTree = "<group>"; };
		F72DFD4E20961B8500E2FA3A /* NSData+LTExtension.m */ = {isa = PBXFileReference; fileEncoding = 4; lastKnownFileType = sourcecode.c.objc; path = "NSData+LTExtension.m"; sourceTree = "<group>"; };
		F72DFD4F20961B8500E2FA3A /* NSMutableData+LTExtension.m */ = {isa = PBXFileReference; fileEncoding = 4; lastKnownFileType = sourcecode.c.objc; path = "NSMutableData+LTExtension.m"; sourceTree = "<group>"; };
		F72DFD5220961B8500E2FA3A /* NSString+LTExtension.m */ = {isa = PBXFileReference; fileEncoding = 4; lastKnownFileType = sourcecode.c.objc; path = "NSString+LTExtension.m"; sourceTree = "<group>"; };
		F72DFD5320961B8500E2FA3A /* NSAttributedString+LTExtension.h */ = {isa = PBXFileReference; fileEncoding = 4; lastKnownFileType = sourcecode.c.h; path = "NSAttributedString+LTExtension.h"; sourceTree = "<group>"; };
		F72DFD5420961B8500E2FA3A /* NSMutableString+LTExtension.h */ = {isa = PBXFileReference; fileEncoding = 4; lastKnownFileType = sourcecode.c.h; path = "NSMutableString+LTExtension.h"; sourceTree = "<group>"; };
		F72DFD5520961B8500E2FA3A /* NSMutableAttributedString+LTExtension.m */ = {isa = PBXFileReference; fileEncoding = 4; lastKnownFileType = sourcecode.c.objc; path = "NSMutableAttributedString+LTExtension.m"; sourceTree = "<group>"; };
		F72DFD5620961B8500E2FA3A /* NSAttributedString+LTExtension.m */ = {isa = PBXFileReference; fileEncoding = 4; lastKnownFileType = sourcecode.c.objc; path = "NSAttributedString+LTExtension.m"; sourceTree = "<group>"; };
		F72DFD5720961B8500E2FA3A /* NSString+LTExtension.h */ = {isa = PBXFileReference; fileEncoding = 4; lastKnownFileType = sourcecode.c.h; path = "NSString+LTExtension.h"; sourceTree = "<group>"; };
		F72DFD5820961B8500E2FA3A /* NSMutableString+LTExtension.m */ = {isa = PBXFileReference; fileEncoding = 4; lastKnownFileType = sourcecode.c.objc; path = "NSMutableString+LTExtension.m"; sourceTree = "<group>"; };
		F72DFD5920961B8500E2FA3A /* NSMutableAttributedString+LTExtension.h */ = {isa = PBXFileReference; fileEncoding = 4; lastKnownFileType = sourcecode.c.h; path = "NSMutableAttributedString+LTExtension.h"; sourceTree = "<group>"; };
		F72DFD5B20961B8500E2FA3A /* NSArray+LTExtension.m */ = {isa = PBXFileReference; fileEncoding = 4; lastKnownFileType = sourcecode.c.objc; path = "NSArray+LTExtension.m"; sourceTree = "<group>"; };
		F72DFD5C20961B8500E2FA3A /* NSMutableArray+LTExtension.m */ = {isa = PBXFileReference; fileEncoding = 4; lastKnownFileType = sourcecode.c.objc; path = "NSMutableArray+LTExtension.m"; sourceTree = "<group>"; };
		F72DFD5D20961B8500E2FA3A /* NSArray+LTExtension.h */ = {isa = PBXFileReference; fileEncoding = 4; lastKnownFileType = sourcecode.c.h; path = "NSArray+LTExtension.h"; sourceTree = "<group>"; };
		F72DFD5E20961B8500E2FA3A /* NSMutableArray+LTExtension.h */ = {isa = PBXFileReference; fileEncoding = 4; lastKnownFileType = sourcecode.c.h; path = "NSMutableArray+LTExtension.h"; sourceTree = "<group>"; };
		F72DFD6020961B8500E2FA3A /* NSObject+LTExtension.m */ = {isa = PBXFileReference; fileEncoding = 4; lastKnownFileType = sourcecode.c.objc; path = "NSObject+LTExtension.m"; sourceTree = "<group>"; };
		F72DFD6120961B8500E2FA3A /* NSObject+LTExtension.h */ = {isa = PBXFileReference; fileEncoding = 4; lastKnownFileType = sourcecode.c.h; path = "NSObject+LTExtension.h"; sourceTree = "<group>"; };
		F72DFD6320961B8500E2FA3A /* NSDate+LTExtension.h */ = {isa = PBXFileReference; fileEncoding = 4; lastKnownFileType = sourcecode.c.h; path = "NSDate+LTExtension.h"; sourceTree = "<group>"; };
		F72DFD6420961B8500E2FA3A /* NSDate+LTExtension.m */ = {isa = PBXFileReference; fileEncoding = 4; lastKnownFileType = sourcecode.c.objc; path = "NSDate+LTExtension.m"; sourceTree = "<group>"; };
		F72DFD6620961B8500E2FA3A /* LTUIMacro.h */ = {isa = PBXFileReference; fileEncoding = 4; lastKnownFileType = sourcecode.c.h; path = LTUIMacro.h; sourceTree = "<group>"; };
		F72DFD6720961B8500E2FA3A /* LTMainMacro.h */ = {isa = PBXFileReference; fileEncoding = 4; lastKnownFileType = sourcecode.c.h; path = LTMainMacro.h; sourceTree = "<group>"; };
		F72DFD6A20961B8500E2FA3A /* UIColor+LTExtension.h */ = {isa = PBXFileReference; fileEncoding = 4; lastKnownFileType = sourcecode.c.h; path = "UIColor+LTExtension.h"; sourceTree = "<group>"; };
		F72DFD6B20961B8500E2FA3A /* UIColor+LTExtension.m */ = {isa = PBXFileReference; fileEncoding = 4; lastKnownFileType = sourcecode.c.objc; path = "UIColor+LTExtension.m"; sourceTree = "<group>"; };
		F72DFD6C20961B8500E2FA3A /* LTUIHelper.m */ = {isa = PBXFileReference; fileEncoding = 4; lastKnownFileType = sourcecode.c.objc; path = LTUIHelper.m; sourceTree = "<group>"; };
		F72DFD6D20961B8500E2FA3A /* LTUIHelper.h */ = {isa = PBXFileReference; fileEncoding = 4; lastKnownFileType = sourcecode.c.h; path = LTUIHelper.h; sourceTree = "<group>"; };
		F72DFD7020961B8500E2FA3A /* LTRequestClient.m */ = {isa = PBXFileReference; fileEncoding = 4; lastKnownFileType = sourcecode.c.objc; path = LTRequestClient.m; sourceTree = "<group>"; };
		F72DFD7120961B8500E2FA3A /* LTNetworkClient.m */ = {isa = PBXFileReference; fileEncoding = 4; lastKnownFileType = sourcecode.c.objc; path = LTNetworkClient.m; sourceTree = "<group>"; };
		F72DFD7220961B8500E2FA3A /* LTMultiRequestClient.h */ = {isa = PBXFileReference; fileEncoding = 4; lastKnownFileType = sourcecode.c.h; path = LTMultiRequestClient.h; sourceTree = "<group>"; };
		F72DFD7320961B8500E2FA3A /* LTRequestError.h */ = {isa = PBXFileReference; fileEncoding = 4; lastKnownFileType = sourcecode.c.h; path = LTRequestError.h; sourceTree = "<group>"; };
		F72DFD7420961B8500E2FA3A /* LTDotNetAPIClient.h */ = {isa = PBXFileReference; fileEncoding = 4; lastKnownFileType = sourcecode.c.h; path = LTDotNetAPIClient.h; sourceTree = "<group>"; };
		F72DFD7520961B8500E2FA3A /* LTNetworking.h */ = {isa = PBXFileReference; fileEncoding = 4; lastKnownFileType = sourcecode.c.h; path = LTNetworking.h; sourceTree = "<group>"; };
		F72DFD7620961B8500E2FA3A /* LTNetworkClient.h */ = {isa = PBXFileReference; fileEncoding = 4; lastKnownFileType = sourcecode.c.h; path = LTNetworkClient.h; sourceTree = "<group>"; };
		F72DFD7720961B8500E2FA3A /* LTRequestClient.h */ = {isa = PBXFileReference; fileEncoding = 4; lastKnownFileType = sourcecode.c.h; path = LTRequestClient.h; sourceTree = "<group>"; };
		F72DFD7820961B8500E2FA3A /* LTMultiRequestClient.m */ = {isa = PBXFileReference; fileEncoding = 4; lastKnownFileType = sourcecode.c.objc; path = LTMultiRequestClient.m; sourceTree = "<group>"; };
		F72DFD7920961B8500E2FA3A /* LTDotNetAPIClient.m */ = {isa = PBXFileReference; fileEncoding = 4; lastKnownFileType = sourcecode.c.objc; path = LTDotNetAPIClient.m; sourceTree = "<group>"; };
		F72DFD7A20961B8500E2FA3A /* LTRequestError.m */ = {isa = PBXFileReference; fileEncoding = 4; lastKnownFileType = sourcecode.c.objc; path = LTRequestError.m; sourceTree = "<group>"; };
		F72DFD922096AA5800E2FA3A /* LTBaseModel.h */ = {isa = PBXFileReference; lastKnownFileType = sourcecode.c.h; path = LTBaseModel.h; sourceTree = "<group>"; };
		F72DFD932096AA5800E2FA3A /* LTBaseModel.m */ = {isa = PBXFileReference; lastKnownFileType = sourcecode.c.objc; path = LTBaseModel.m; sourceTree = "<group>"; };
		F72DFD952096AA8800E2FA3A /* LTBaseButton.h */ = {isa = PBXFileReference; lastKnownFileType = sourcecode.c.h; path = LTBaseButton.h; sourceTree = "<group>"; };
		F72DFD962096AA8800E2FA3A /* LTBaseButton.m */ = {isa = PBXFileReference; lastKnownFileType = sourcecode.c.objc; path = LTBaseButton.m; sourceTree = "<group>"; };
		F72DFD982096AAA300E2FA3A /* LTBaseLabel.h */ = {isa = PBXFileReference; lastKnownFileType = sourcecode.c.h; path = LTBaseLabel.h; sourceTree = "<group>"; };
		F72DFD992096AAA300E2FA3A /* LTBaseLabel.m */ = {isa = PBXFileReference; lastKnownFileType = sourcecode.c.objc; path = LTBaseLabel.m; sourceTree = "<group>"; };
		F72DFD9B2096AAC600E2FA3A /* LTBaseTableView.h */ = {isa = PBXFileReference; lastKnownFileType = sourcecode.c.h; path = LTBaseTableView.h; sourceTree = "<group>"; };
		F72DFD9C2096AAC600E2FA3A /* LTBaseTableView.m */ = {isa = PBXFileReference; lastKnownFileType = sourcecode.c.objc; path = LTBaseTableView.m; sourceTree = "<group>"; };
		F72DFD9E2096AAE100E2FA3A /* LTBaseCollectionView.h */ = {isa = PBXFileReference; lastKnownFileType = sourcecode.c.h; path = LTBaseCollectionView.h; sourceTree = "<group>"; };
		F72DFD9F2096AAE100E2FA3A /* LTBaseCollectionView.m */ = {isa = PBXFileReference; lastKnownFileType = sourcecode.c.objc; path = LTBaseCollectionView.m; sourceTree = "<group>"; };
		F72DFDA12096AAF500E2FA3A /* LTBaseScrollView.h */ = {isa = PBXFileReference; lastKnownFileType = sourcecode.c.h; path = LTBaseScrollView.h; sourceTree = "<group>"; };
		F72DFDA22096AAF500E2FA3A /* LTBaseScrollView.m */ = {isa = PBXFileReference; lastKnownFileType = sourcecode.c.objc; path = LTBaseScrollView.m; sourceTree = "<group>"; };
		F72DFDA42096AB4A00E2FA3A /* LTBaseViewController.h */ = {isa = PBXFileReference; lastKnownFileType = sourcecode.c.h; path = LTBaseViewController.h; sourceTree = "<group>"; };
		F72DFDA52096AB4A00E2FA3A /* LTBaseViewController.m */ = {isa = PBXFileReference; lastKnownFileType = sourcecode.c.objc; path = LTBaseViewController.m; sourceTree = "<group>"; };
		F72DFDA72096AB6F00E2FA3A /* LTBaseNavigationController.h */ = {isa = PBXFileReference; lastKnownFileType = sourcecode.c.h; path = LTBaseNavigationController.h; sourceTree = "<group>"; };
		F72DFDA82096AB6F00E2FA3A /* LTBaseNavigationController.m */ = {isa = PBXFileReference; lastKnownFileType = sourcecode.c.objc; path = LTBaseNavigationController.m; sourceTree = "<group>"; };
		F72DFDAA2096AB9200E2FA3A /* LTBaseTabBarController.h */ = {isa = PBXFileReference; lastKnownFileType = sourcecode.c.h; path = LTBaseTabBarController.h; sourceTree = "<group>"; };
		F72DFDAB2096AB9200E2FA3A /* LTBaseTabBarController.m */ = {isa = PBXFileReference; lastKnownFileType = sourcecode.c.objc; path = LTBaseTabBarController.m; sourceTree = "<group>"; };
		F72DFDAD2096ACB400E2FA3A /* LTBaseView.h */ = {isa = PBXFileReference; lastKnownFileType = sourcecode.c.h; path = LTBaseView.h; sourceTree = "<group>"; };
		F72DFDAE2096ACB400E2FA3A /* LTBaseView.m */ = {isa = PBXFileReference; lastKnownFileType = sourcecode.c.objc; path = LTBaseView.m; sourceTree = "<group>"; };
		F72DFDB32096B79000E2FA3A /* LinkTree.h */ = {isa = PBXFileReference; lastKnownFileType = sourcecode.c.h; path = LinkTree.h; sourceTree = "<group>"; };
		F776B1302098B75F0070A027 /* MOCALoginVC.h */ = {isa = PBXFileReference; lastKnownFileType = sourcecode.c.h; path = MOCALoginVC.h; sourceTree = "<group>"; };
		F776B1312098B75F0070A027 /* MOCALoginVC.m */ = {isa = PBXFileReference; lastKnownFileType = sourcecode.c.objc; path = MOCALoginVC.m; sourceTree = "<group>"; };
		F776B1322098B75F0070A027 /* MOCALoginVC.xib */ = {isa = PBXFileReference; lastKnownFileType = file.xib; path = MOCALoginVC.xib; sourceTree = "<group>"; };

		F7F5EE972062935900098DCC /* LinkTree.app */ = {isa = PBXFileReference; explicitFileType = wrapper.application; includeInIndex = 0; path = LinkTree.app; sourceTree = BUILT_PRODUCTS_DIR; };
		F7F5EE9A2062935900098DCC /* AppDelegate.h */ = {isa = PBXFileReference; lastKnownFileType = sourcecode.c.h; path = AppDelegate.h; sourceTree = "<group>"; };
		F7F5EE9B2062935900098DCC /* AppDelegate.m */ = {isa = PBXFileReference; lastKnownFileType = sourcecode.c.objc; path = AppDelegate.m; sourceTree = "<group>"; };
		F7F5EE9D2062935900098DCC /* ViewController.h */ = {isa = PBXFileReference; lastKnownFileType = sourcecode.c.h; path = ViewController.h; sourceTree = "<group>"; };
		F7F5EE9E2062935900098DCC /* ViewController.m */ = {isa = PBXFileReference; lastKnownFileType = sourcecode.c.objc; path = ViewController.m; sourceTree = "<group>"; };
		F7F5EEA12062935900098DCC /* Base */ = {isa = PBXFileReference; lastKnownFileType = file.storyboard; name = Base; path = Base.lproj/Main.storyboard; sourceTree = "<group>"; };
		F7F5EEA32062935900098DCC /* Assets.xcassets */ = {isa = PBXFileReference; lastKnownFileType = folder.assetcatalog; path = Assets.xcassets; sourceTree = "<group>"; };
		F7F5EEA62062935900098DCC /* Base */ = {isa = PBXFileReference; lastKnownFileType = file.storyboard; name = Base; path = Base.lproj/LaunchScreen.storyboard; sourceTree = "<group>"; };
		F7F5EEA82062935900098DCC /* Info.plist */ = {isa = PBXFileReference; lastKnownFileType = text.plist.xml; path = Info.plist; sourceTree = "<group>"; };
		F7F5EEA92062935900098DCC /* main.m */ = {isa = PBXFileReference; lastKnownFileType = sourcecode.c.objc; path = main.m; sourceTree = "<group>"; };
		F7F5EEAF2062935900098DCC /* LinkTreeTests.xctest */ = {isa = PBXFileReference; explicitFileType = wrapper.cfbundle; includeInIndex = 0; path = LinkTreeTests.xctest; sourceTree = BUILT_PRODUCTS_DIR; };
		F7F5EEB32062935900098DCC /* LinkTreeTests.m */ = {isa = PBXFileReference; lastKnownFileType = sourcecode.c.objc; path = LinkTreeTests.m; sourceTree = "<group>"; };
		F7F5EEB52062935900098DCC /* Info.plist */ = {isa = PBXFileReference; lastKnownFileType = text.plist.xml; path = Info.plist; sourceTree = "<group>"; };
		F7F5EEBA2062935900098DCC /* LinkTreeUITests.xctest */ = {isa = PBXFileReference; explicitFileType = wrapper.cfbundle; includeInIndex = 0; path = LinkTreeUITests.xctest; sourceTree = BUILT_PRODUCTS_DIR; };
		F7F5EEBE2062935900098DCC /* LinkTreeUITests.m */ = {isa = PBXFileReference; lastKnownFileType = sourcecode.c.objc; path = LinkTreeUITests.m; sourceTree = "<group>"; };
		F7F5EEC02062935900098DCC /* Info.plist */ = {isa = PBXFileReference; lastKnownFileType = text.plist.xml; path = Info.plist; sourceTree = "<group>"; };
/* End PBXFileReference section */

/* Begin PBXFrameworksBuildPhase section */
		F7F5EE942062935900098DCC /* Frameworks */ = {
			isa = PBXFrameworksBuildPhase;
			buildActionMask = 2147483647;
			files = (
				7DFD04DE860B312041FF064E /* Pods_LinkTree.framework in Frameworks */,
			);
			runOnlyForDeploymentPostprocessing = 0;
		};
		F7F5EEAC2062935900098DCC /* Frameworks */ = {
			isa = PBXFrameworksBuildPhase;
			buildActionMask = 2147483647;
			files = (
			);
			runOnlyForDeploymentPostprocessing = 0;
		};
		F7F5EEB72062935900098DCC /* Frameworks */ = {
			isa = PBXFrameworksBuildPhase;
			buildActionMask = 2147483647;
			files = (
			);
			runOnlyForDeploymentPostprocessing = 0;
		};
/* End PBXFrameworksBuildPhase section */

/* Begin PBXGroup section */
		570C6D07846FE54B4593178E /* Pods */ = {
			isa = PBXGroup;
			children = (
				CCAD5C58E68A893D836EB9F7 /* Pods-LinkTree.debug.xcconfig */,
				8374CD63E4F8D71AC2AB095A /* Pods-LinkTree.release.xcconfig */,
			);
			name = Pods;
			sourceTree = "<group>";
		};
		B12495BEDA4E18EE17F8C353 /* Frameworks */ = {
			isa = PBXGroup;
			children = (
				6F9BA698EE050BD36F6C30D7 /* Pods_LinkTree.framework */,
			);
			name = Frameworks;
			sourceTree = "<group>";
		};
		F7267EEE20980F79003F3CB3 /* ViewController */ = {
			isa = PBXGroup;
			children = (
			);
			path = ViewController;
			sourceTree = "<group>";
		};
		F7267EEF20982C5E003F3CB3 /* Tabber */ = {
			isa = PBXGroup;
			children = (
				F7267EF120982C6C003F3CB3 /* LTCustomTabBar.h */,
				F7267EF420982C6C003F3CB3 /* LTCustomTabBar.m */,
				F7267EF720982C6C003F3CB3 /* LTTabBarAdapter.h */,
				F7267EF520982C6C003F3CB3 /* LTTabBarAdapter.m */,
				F7267EF620982C6C003F3CB3 /* LTTabBarItemBaseHelper.h */,
				F7267EF020982C6C003F3CB3 /* LTTabBarItemBaseHelper.h.m */,
				F7267EF320982C6C003F3CB3 /* LTTabBarItemModel.h */,
				F7267EF220982C6C003F3CB3 /* LTTabBarItemModel.m */,
			);
			path = Tabber;
			sourceTree = "<group>";
		};
		F7267F1620987AF9003F3CB3 /* MOCAClass */ = {
			isa = PBXGroup;
			children = (
				F7267F1720987AF9003F3CB3 /* LoginModule */,
				F7267F1C20987AF9003F3CB3 /* TabbarModule */,
			);
			path = MOCAClass;
			sourceTree = "<group>";
		};
		F7267F1720987AF9003F3CB3 /* LoginModule */ = {
			isa = PBXGroup;
			children = (
				F7267F1E20987B4A003F3CB3 /* ViewController */,
				F7267F1820987AF9003F3CB3 /* Http */,
				F7267F1920987AF9003F3CB3 /* Model */,
				F7267F1A20987AF9003F3CB3 /* View */,
				F7267F1B20987AF9003F3CB3 /* Help */,
			);
			path = LoginModule;
			sourceTree = "<group>";
		};
		F7267F1820987AF9003F3CB3 /* Http */ = {
			isa = PBXGroup;
			children = (
			);
			path = Http;
			sourceTree = "<group>";
		};
		F7267F1920987AF9003F3CB3 /* Model */ = {
			isa = PBXGroup;
			children = (
			);
			path = Model;
			sourceTree = "<group>";
		};
		F7267F1A20987AF9003F3CB3 /* View */ = {
			isa = PBXGroup;
			children = (
			);
			path = View;
			sourceTree = "<group>";
		};
		F7267F1B20987AF9003F3CB3 /* Help */ = {
			isa = PBXGroup;
			children = (
			);
			path = Help;
			sourceTree = "<group>";
		};
		F7267F1C20987AF9003F3CB3 /* TabbarModule */ = {
			isa = PBXGroup;
			children = (
				F7267F1D20987AF9003F3CB3 /* Help */,
			);
			path = TabbarModule;
			sourceTree = "<group>";
		};
		F7267F1D20987AF9003F3CB3 /* Help */ = {
			isa = PBXGroup;
			children = (
			);
			path = Help;
			sourceTree = "<group>";
		};
		F7267F1E20987B4A003F3CB3 /* ViewController */ = {
			isa = PBXGroup;
			children = (
				F776B1302098B75F0070A027 /* MOCALoginVC.h */,
				F776B1312098B75F0070A027 /* MOCALoginVC.m */,
				F776B1322098B75F0070A027 /* MOCALoginVC.xib */,
			);
			path = ViewController;
			sourceTree = "<group>";
		};
		F72DFD4520961B8500E2FA3A /* Foundation */ = {
			isa = PBXGroup;
			children = (
				F72DFD4620961B8500E2FA3A /* NSDictionary */,
				F72DFD4B20961B8500E2FA3A /* NSData */,
				F72DFD5020961B8500E2FA3A /* 未命名文件夹 */,
				F72DFD5120961B8500E2FA3A /* NSString */,
				F72DFD5A20961B8500E2FA3A /* NSArray */,
				F72DFD5F20961B8500E2FA3A /* NSObject */,
				F72DFD6220961B8500E2FA3A /* NSDate */,
			);
			path = Foundation;
			sourceTree = "<group>";
		};
		F72DFD4620961B8500E2FA3A /* NSDictionary */ = {
			isa = PBXGroup;
			children = (
				F72DFD4720961B8500E2FA3A /* NSMutableDictionary+LTExtension.h */,
				F72DFD4820961B8500E2FA3A /* NSDictionary+LTExtension.m */,
				F72DFD4920961B8500E2FA3A /* NSMutableDictionary+LTExtension.m */,
				F72DFD4A20961B8500E2FA3A /* NSDictionary+LTExtension.h */,
			);
			path = NSDictionary;
			sourceTree = "<group>";
		};
		F72DFD4B20961B8500E2FA3A /* NSData */ = {
			isa = PBXGroup;
			children = (
				F72DFD4C20961B8500E2FA3A /* NSData+LTExtension.h */,
				F72DFD4D20961B8500E2FA3A /* NSMutableData+LTExtension.h */,
				F72DFD4E20961B8500E2FA3A /* NSData+LTExtension.m */,
				F72DFD4F20961B8500E2FA3A /* NSMutableData+LTExtension.m */,
			);
			path = NSData;
			sourceTree = "<group>";
		};
		F72DFD5020961B8500E2FA3A /* 未命名文件夹 */ = {
			isa = PBXGroup;
			children = (
			);
			path = "未命名文件夹";
			sourceTree = "<group>";
		};
		F72DFD5120961B8500E2FA3A /* NSString */ = {
			isa = PBXGroup;
			children = (
				F72DFD5220961B8500E2FA3A /* NSString+LTExtension.m */,
				F72DFD5320961B8500E2FA3A /* NSAttributedString+LTExtension.h */,
				F72DFD5420961B8500E2FA3A /* NSMutableString+LTExtension.h */,
				F72DFD5520961B8500E2FA3A /* NSMutableAttributedString+LTExtension.m */,
				F72DFD5620961B8500E2FA3A /* NSAttributedString+LTExtension.m */,
				F72DFD5720961B8500E2FA3A /* NSString+LTExtension.h */,
				F72DFD5820961B8500E2FA3A /* NSMutableString+LTExtension.m */,
				F72DFD5920961B8500E2FA3A /* NSMutableAttributedString+LTExtension.h */,
			);
			path = NSString;
			sourceTree = "<group>";
		};
		F72DFD5A20961B8500E2FA3A /* NSArray */ = {
			isa = PBXGroup;
			children = (
				F72DFD5B20961B8500E2FA3A /* NSArray+LTExtension.m */,
				F72DFD5C20961B8500E2FA3A /* NSMutableArray+LTExtension.m */,
				F72DFD5D20961B8500E2FA3A /* NSArray+LTExtension.h */,
				F72DFD5E20961B8500E2FA3A /* NSMutableArray+LTExtension.h */,
			);
			path = NSArray;
			sourceTree = "<group>";
		};
		F72DFD5F20961B8500E2FA3A /* NSObject */ = {
			isa = PBXGroup;
			children = (
				F72DFD6020961B8500E2FA3A /* NSObject+LTExtension.m */,
				F72DFD6120961B8500E2FA3A /* NSObject+LTExtension.h */,
			);
			path = NSObject;
			sourceTree = "<group>";
		};
		F72DFD6220961B8500E2FA3A /* NSDate */ = {
			isa = PBXGroup;
			children = (
				F72DFD6320961B8500E2FA3A /* NSDate+LTExtension.h */,
				F72DFD6420961B8500E2FA3A /* NSDate+LTExtension.m */,
			);
			path = NSDate;
			sourceTree = "<group>";
		};
		F72DFD6520961B8500E2FA3A /* Macro */ = {
			isa = PBXGroup;
			children = (
				F72DFD6620961B8500E2FA3A /* LTUIMacro.h */,
				F72DFD6720961B8500E2FA3A /* LTMainMacro.h */,
			);
			path = Macro;
			sourceTree = "<group>";
		};
		F72DFD6820961B8500E2FA3A /* UIKit */ = {
			isa = PBXGroup;
			children = (
				F72DFD6920961B8500E2FA3A /* UIColor */,
				F72DFD6C20961B8500E2FA3A /* LTUIHelper.m */,
				F72DFD6D20961B8500E2FA3A /* LTUIHelper.h */,
			);
			path = UIKit;
			sourceTree = "<group>";
		};
		F72DFD6920961B8500E2FA3A /* UIColor */ = {
			isa = PBXGroup;
			children = (
				F72DFD6A20961B8500E2FA3A /* UIColor+LTExtension.h */,
				F72DFD6B20961B8500E2FA3A /* UIColor+LTExtension.m */,
			);
			path = UIColor;
			sourceTree = "<group>";
		};
		F72DFD6E20961B8500E2FA3A /* Toolkit */ = {
			isa = PBXGroup;
			children = (
				F72DFD6F20961B8500E2FA3A /* Networking */,
			);
			path = Toolkit;
			sourceTree = "<group>";
		};
		F72DFD6F20961B8500E2FA3A /* Networking */ = {
			isa = PBXGroup;
			children = (
				F72DFD7020961B8500E2FA3A /* LTRequestClient.m */,
				F72DFD7120961B8500E2FA3A /* LTNetworkClient.m */,
				F72DFD7220961B8500E2FA3A /* LTMultiRequestClient.h */,
				F72DFD7320961B8500E2FA3A /* LTRequestError.h */,
				F72DFD7420961B8500E2FA3A /* LTDotNetAPIClient.h */,
				F72DFD7520961B8500E2FA3A /* LTNetworking.h */,
				F72DFD7620961B8500E2FA3A /* LTNetworkClient.h */,
				F72DFD7720961B8500E2FA3A /* LTRequestClient.h */,
				F72DFD7820961B8500E2FA3A /* LTMultiRequestClient.m */,
				F72DFD7920961B8500E2FA3A /* LTDotNetAPIClient.m */,
				F72DFD7A20961B8500E2FA3A /* LTRequestError.m */,
			);
			path = Networking;
			sourceTree = "<group>";
		};
		F72DFD8E2096A9A300E2FA3A /* BaseClass */ = {
			isa = PBXGroup;
			children = (
				F72DFD902096AA2100E2FA3A /* Model */,
				F72DFD912096AA2100E2FA3A /* View */,
				F72DFD8F2096AA2100E2FA3A /* ViewController */,
			);
			path = BaseClass;
			sourceTree = "<group>";
		};
		F72DFD8F2096AA2100E2FA3A /* ViewController */ = {
			isa = PBXGroup;
			children = (
				F7267EEF20982C5E003F3CB3 /* Tabber */,
				F72DFDA42096AB4A00E2FA3A /* LTBaseViewController.h */,
				F72DFDA52096AB4A00E2FA3A /* LTBaseViewController.m */,
				F72DFDA72096AB6F00E2FA3A /* LTBaseNavigationController.h */,
				F72DFDA82096AB6F00E2FA3A /* LTBaseNavigationController.m */,
				F72DFDAA2096AB9200E2FA3A /* LTBaseTabBarController.h */,
				F72DFDAB2096AB9200E2FA3A /* LTBaseTabBarController.m */,
			);
			path = ViewController;
			sourceTree = "<group>";
		};
		F72DFD902096AA2100E2FA3A /* Model */ = {
			isa = PBXGroup;
			children = (
				F72DFD922096AA5800E2FA3A /* LTBaseModel.h */,
				F72DFD932096AA5800E2FA3A /* LTBaseModel.m */,
			);
			path = Model;
			sourceTree = "<group>";
		};
		F72DFD912096AA2100E2FA3A /* View */ = {
			isa = PBXGroup;
			children = (
				F72DFDAD2096ACB400E2FA3A /* LTBaseView.h */,
				F72DFDAE2096ACB400E2FA3A /* LTBaseView.m */,
				F72DFD952096AA8800E2FA3A /* LTBaseButton.h */,
				F72DFD962096AA8800E2FA3A /* LTBaseButton.m */,
				F72DFD982096AAA300E2FA3A /* LTBaseLabel.h */,
				F72DFD992096AAA300E2FA3A /* LTBaseLabel.m */,
				F72DFD9B2096AAC600E2FA3A /* LTBaseTableView.h */,
				F72DFD9C2096AAC600E2FA3A /* LTBaseTableView.m */,
				F72DFD9E2096AAE100E2FA3A /* LTBaseCollectionView.h */,
				F72DFD9F2096AAE100E2FA3A /* LTBaseCollectionView.m */,
				F72DFDA12096AAF500E2FA3A /* LTBaseScrollView.h */,
				F72DFDA22096AAF500E2FA3A /* LTBaseScrollView.m */,
			);
			path = View;
			sourceTree = "<group>";
		};
		F72DFDB12096B53400E2FA3A /* Custom */ = {
			isa = PBXGroup;
			children = (
				F7267EEE20980F79003F3CB3 /* ViewController */,
				F72DFDB22096B54E00E2FA3A /* View */,
			);
			path = Custom;
			sourceTree = "<group>";
		};
		F72DFDB22096B54E00E2FA3A /* View */ = {
			isa = PBXGroup;
			children = (
				F776B1352098C6EA0070A027 /* LTGradientButton.h */,
				F776B1362098C6EA0070A027 /* LTGradientButton.m */,
			);
			path = View;
			sourceTree = "<group>";
		};
		F7F5EE8E2062935900098DCC = {
			isa = PBXGroup;
			children = (
				F7F5EE992062935900098DCC /* LinkTree */,
				F7F5EEB22062935900098DCC /* LinkTreeTests */,
				F7F5EEBD2062935900098DCC /* LinkTreeUITests */,
				F7F5EE982062935900098DCC /* Products */,
				570C6D07846FE54B4593178E /* Pods */,
				B12495BEDA4E18EE17F8C353 /* Frameworks */,
			);
			sourceTree = "<group>";
		};
		F7F5EE982062935900098DCC /* Products */ = {
			isa = PBXGroup;
			children = (
				F7F5EE972062935900098DCC /* LinkTree.app */,
				F7F5EEAF2062935900098DCC /* LinkTreeTests.xctest */,
				F7F5EEBA2062935900098DCC /* LinkTreeUITests.xctest */,
			);
			name = Products;
			sourceTree = "<group>";
		};
		F7F5EE992062935900098DCC /* LinkTree */ = {
			isa = PBXGroup;
			children = (
				F7267F1620987AF9003F3CB3 /* MOCAClass */,
				F72DFDB12096B53400E2FA3A /* Custom */,
				F72DFD8E2096A9A300E2FA3A /* BaseClass */,
				F72DFD4520961B8500E2FA3A /* Foundation */,
				F72DFD6520961B8500E2FA3A /* Macro */,
				F72DFD6E20961B8500E2FA3A /* Toolkit */,
				F72DFD6820961B8500E2FA3A /* UIKit */,
				F7F5EE9A2062935900098DCC /* AppDelegate.h */,
				F7F5EE9B2062935900098DCC /* AppDelegate.m */,
				F7F5EE9D2062935900098DCC /* ViewController.h */,
				F7F5EE9E2062935900098DCC /* ViewController.m */,
				F7F5EEA02062935900098DCC /* Main.storyboard */,
				F7F5EEA32062935900098DCC /* Assets.xcassets */,
				F7F5EEA52062935900098DCC /* LaunchScreen.storyboard */,
				F7F5EEA82062935900098DCC /* Info.plist */,
				F7267F0C20987A16003F3CB3 /* InfoPlist.strings */,
				F7267F1320987A59003F3CB3 /* Localizable.strings */,
				F7F5EEA92062935900098DCC /* main.m */,
				F72DFDB32096B79000E2FA3A /* LinkTree.h */,
			);
			path = LinkTree;
			sourceTree = "<group>";
		};
		F7F5EEB22062935900098DCC /* LinkTreeTests */ = {
			isa = PBXGroup;
			children = (
				F7F5EEB32062935900098DCC /* LinkTreeTests.m */,
				F7F5EEB52062935900098DCC /* Info.plist */,
			);
			path = LinkTreeTests;
			sourceTree = "<group>";
		};
		F7F5EEBD2062935900098DCC /* LinkTreeUITests */ = {
			isa = PBXGroup;
			children = (
				F7F5EEBE2062935900098DCC /* LinkTreeUITests.m */,
				F7F5EEC02062935900098DCC /* Info.plist */,
			);
			path = LinkTreeUITests;
			sourceTree = "<group>";
		};
/* End PBXGroup section */

/* Begin PBXNativeTarget section */
		F7F5EE962062935900098DCC /* LinkTree */ = {
			isa = PBXNativeTarget;
			buildConfigurationList = F7F5EEC32062935900098DCC /* Build configuration list for PBXNativeTarget "LinkTree" */;
			buildPhases = (
				27D76E865D282421EF02FE01 /* [CP] Check Pods Manifest.lock */,
				F7F5EE932062935900098DCC /* Sources */,
				F7F5EE942062935900098DCC /* Frameworks */,
				F7F5EE952062935900098DCC /* Resources */,
				9F146C301CD1E6323A30F284 /* [CP] Embed Pods Frameworks */,
				206B26C17744D266CD30118A /* [CP] Copy Pods Resources */,
			);
			buildRules = (
			);
			dependencies = (
			);
			name = LinkTree;
			productName = LinkTree;
			productReference = F7F5EE972062935900098DCC /* LinkTree.app */;
			productType = "com.apple.product-type.application";
		};
		F7F5EEAE2062935900098DCC /* LinkTreeTests */ = {
			isa = PBXNativeTarget;
			buildConfigurationList = F7F5EEC62062935900098DCC /* Build configuration list for PBXNativeTarget "LinkTreeTests" */;
			buildPhases = (
				F7F5EEAB2062935900098DCC /* Sources */,
				F7F5EEAC2062935900098DCC /* Frameworks */,
				F7F5EEAD2062935900098DCC /* Resources */,
			);
			buildRules = (
			);
			dependencies = (
				F7F5EEB12062935900098DCC /* PBXTargetDependency */,
			);
			name = LinkTreeTests;
			productName = LinkTreeTests;
			productReference = F7F5EEAF2062935900098DCC /* LinkTreeTests.xctest */;
			productType = "com.apple.product-type.bundle.unit-test";
		};
		F7F5EEB92062935900098DCC /* LinkTreeUITests */ = {
			isa = PBXNativeTarget;
			buildConfigurationList = F7F5EEC92062935900098DCC /* Build configuration list for PBXNativeTarget "LinkTreeUITests" */;
			buildPhases = (
				F7F5EEB62062935900098DCC /* Sources */,
				F7F5EEB72062935900098DCC /* Frameworks */,
				F7F5EEB82062935900098DCC /* Resources */,
			);
			buildRules = (
			);
			dependencies = (
				F7F5EEBC2062935900098DCC /* PBXTargetDependency */,
			);
			name = LinkTreeUITests;
			productName = LinkTreeUITests;
			productReference = F7F5EEBA2062935900098DCC /* LinkTreeUITests.xctest */;
			productType = "com.apple.product-type.bundle.ui-testing";
		};
/* End PBXNativeTarget section */

/* Begin PBXProject section */
		F7F5EE8F2062935900098DCC /* Project object */ = {
			isa = PBXProject;
			attributes = {
				LastUpgradeCheck = 0920;
				ORGANIZATIONNAME = lizhan;
				TargetAttributes = {
					F7F5EE962062935900098DCC = {
						CreatedOnToolsVersion = 9.2;
						ProvisioningStyle = Automatic;
					};
					F7F5EEAE2062935900098DCC = {
						CreatedOnToolsVersion = 9.2;
						ProvisioningStyle = Automatic;
						TestTargetID = F7F5EE962062935900098DCC;
					};
					F7F5EEB92062935900098DCC = {
						CreatedOnToolsVersion = 9.2;
						ProvisioningStyle = Automatic;
						TestTargetID = F7F5EE962062935900098DCC;
					};
				};
			};
			buildConfigurationList = F7F5EE922062935900098DCC /* Build configuration list for PBXProject "LinkTree" */;
			compatibilityVersion = "Xcode 8.0";
			developmentRegion = en;
			hasScannedForEncodings = 0;
			knownRegions = (
				en,
				Base,
				"zh-Hans",
				"zh-Hant",
			);
			mainGroup = F7F5EE8E2062935900098DCC;
			productRefGroup = F7F5EE982062935900098DCC /* Products */;
			projectDirPath = "";
			projectRoot = "";
			targets = (
				F7F5EE962062935900098DCC /* LinkTree */,
				F7F5EEAE2062935900098DCC /* LinkTreeTests */,
				F7F5EEB92062935900098DCC /* LinkTreeUITests */,
			);
		};
/* End PBXProject section */

/* Begin PBXResourcesBuildPhase section */
		F7F5EE952062935900098DCC /* Resources */ = {
			isa = PBXResourcesBuildPhase;
			buildActionMask = 2147483647;
			files = (
				F776B1342098B75F0070A027 /* MOCALoginVC.xib in Resources */,
				F7267F1120987A59003F3CB3 /* Localizable.strings in Resources */,
				F7F5EEA72062935900098DCC /* LaunchScreen.storyboard in Resources */,
				F7267F0A20987A16003F3CB3 /* InfoPlist.strings in Resources */,
				F7F5EEA42062935900098DCC /* Assets.xcassets in Resources */,
				F7F5EEA22062935900098DCC /* Main.storyboard in Resources */,
			);
			runOnlyForDeploymentPostprocessing = 0;
		};
		F7F5EEAD2062935900098DCC /* Resources */ = {
			isa = PBXResourcesBuildPhase;
			buildActionMask = 2147483647;
			files = (
			);
			runOnlyForDeploymentPostprocessing = 0;
		};
		F7F5EEB82062935900098DCC /* Resources */ = {
			isa = PBXResourcesBuildPhase;
			buildActionMask = 2147483647;
			files = (
			);
			runOnlyForDeploymentPostprocessing = 0;
		};
/* End PBXResourcesBuildPhase section */

/* Begin PBXShellScriptBuildPhase section */
		206B26C17744D266CD30118A /* [CP] Copy Pods Resources */ = {
			isa = PBXShellScriptBuildPhase;
			buildActionMask = 2147483647;
			files = (
			);
			inputPaths = (
			);
			name = "[CP] Copy Pods Resources";
			outputPaths = (
			);
			runOnlyForDeploymentPostprocessing = 0;
			shellPath = /bin/sh;
			shellScript = "\"${SRCROOT}/Pods/Target Support Files/Pods-LinkTree/Pods-LinkTree-resources.sh\"\n";
			showEnvVarsInLog = 0;
		};
		27D76E865D282421EF02FE01 /* [CP] Check Pods Manifest.lock */ = {
			isa = PBXShellScriptBuildPhase;
			buildActionMask = 2147483647;
			files = (
			);
			inputPaths = (
				"${PODS_PODFILE_DIR_PATH}/Podfile.lock",
				"${PODS_ROOT}/Manifest.lock",
			);
			name = "[CP] Check Pods Manifest.lock";
			outputPaths = (
				"$(DERIVED_FILE_DIR)/Pods-LinkTree-checkManifestLockResult.txt",
			);
			runOnlyForDeploymentPostprocessing = 0;
			shellPath = /bin/sh;
			shellScript = "diff \"${PODS_PODFILE_DIR_PATH}/Podfile.lock\" \"${PODS_ROOT}/Manifest.lock\" > /dev/null\nif [ $? != 0 ] ; then\n    # print error to STDERR\n    echo \"error: The sandbox is not in sync with the Podfile.lock. Run 'pod install' or update your CocoaPods installation.\" >&2\n    exit 1\nfi\n# This output is used by Xcode 'outputs' to avoid re-running this script phase.\necho \"SUCCESS\" > \"${SCRIPT_OUTPUT_FILE_0}\"\n";
			showEnvVarsInLog = 0;
		};
		9F146C301CD1E6323A30F284 /* [CP] Embed Pods Frameworks */ = {
			isa = PBXShellScriptBuildPhase;
			buildActionMask = 2147483647;
			files = (
			);
			inputPaths = (
				"${SRCROOT}/Pods/Target Support Files/Pods-LinkTree/Pods-LinkTree-frameworks.sh",
				"${BUILT_PRODUCTS_DIR}/AFNetworking/AFNetworking.framework",
				"${BUILT_PRODUCTS_DIR}/FMDB/FMDB.framework",
				"${BUILT_PRODUCTS_DIR}/SDWebImage/SDWebImage.framework",
				"${BUILT_PRODUCTS_DIR}/YYImage/YYImage.framework",
				"${BUILT_PRODUCTS_DIR}/YYModel/YYModel.framework",
				"${BUILT_PRODUCTS_DIR}/YYText/YYText.framework",
			);
			name = "[CP] Embed Pods Frameworks";
			outputPaths = (
				"${TARGET_BUILD_DIR}/${FRAMEWORKS_FOLDER_PATH}/AFNetworking.framework",
				"${TARGET_BUILD_DIR}/${FRAMEWORKS_FOLDER_PATH}/FMDB.framework",
				"${TARGET_BUILD_DIR}/${FRAMEWORKS_FOLDER_PATH}/SDWebImage.framework",
				"${TARGET_BUILD_DIR}/${FRAMEWORKS_FOLDER_PATH}/YYImage.framework",
				"${TARGET_BUILD_DIR}/${FRAMEWORKS_FOLDER_PATH}/YYModel.framework",
				"${TARGET_BUILD_DIR}/${FRAMEWORKS_FOLDER_PATH}/YYText.framework",
			);
			runOnlyForDeploymentPostprocessing = 0;
			shellPath = /bin/sh;
			shellScript = "\"${SRCROOT}/Pods/Target Support Files/Pods-LinkTree/Pods-LinkTree-frameworks.sh\"\n";
			showEnvVarsInLog = 0;
		};
/* End PBXShellScriptBuildPhase section */

/* Begin PBXSourcesBuildPhase section */
		F7F5EE932062935900098DCC /* Sources */ = {
			isa = PBXSourcesBuildPhase;
			buildActionMask = 2147483647;
			files = (
				F72DFD972096AA8800E2FA3A /* LTBaseButton.m in Sources */,
				F72DFD8620961B8500E2FA3A /* NSDate+LTExtension.m in Sources */,
				F72DFD9D2096AAC600E2FA3A /* LTBaseTableView.m in Sources */,
				F72DFD8420961B8500E2FA3A /* NSMutableArray+LTExtension.m in Sources */,
				F72DFD7B20961B8500E2FA3A /* NSDictionary+LTExtension.m in Sources */,
				F72DFD7F20961B8500E2FA3A /* NSString+LTExtension.m in Sources */,
				F72DFD8120961B8500E2FA3A /* NSAttributedString+LTExtension.m in Sources */,
				F72DFD8720961B8500E2FA3A /* UIColor+LTExtension.m in Sources */,
				F776B1332098B75F0070A027 /* MOCALoginVC.m in Sources */,
				F72DFDAC2096AB9200E2FA3A /* LTBaseTabBarController.m in Sources */,
				F72DFD8D20961B8500E2FA3A /* LTRequestError.m in Sources */,
				F72DFDA62096AB4A00E2FA3A /* LTBaseViewController.m in Sources */,
				F72DFD7C20961B8500E2FA3A /* NSMutableDictionary+LTExtension.m in Sources */,
				F72DFD8320961B8500E2FA3A /* NSArray+LTExtension.m in Sources */,
				F72DFD8B20961B8500E2FA3A /* LTMultiRequestClient.m in Sources */,
				F72DFD8820961B8500E2FA3A /* LTUIHelper.m in Sources */,
				F72DFD9A2096AAA300E2FA3A /* LTBaseLabel.m in Sources */,
				F72DFDA32096AAF500E2FA3A /* LTBaseScrollView.m in Sources */,
				F72DFD8220961B8500E2FA3A /* NSMutableString+LTExtension.m in Sources */,
				F72DFD942096AA5800E2FA3A /* LTBaseModel.m in Sources */,
				F7267EFA20982C6C003F3CB3 /* LTCustomTabBar.m in Sources */,
				F7267EF820982C6C003F3CB3 /* LTTabBarItemBaseHelper.h.m in Sources */,
				F72DFDA02096AAE100E2FA3A /* LTBaseCollectionView.m in Sources */,
				F7F5EE9F2062935900098DCC /* ViewController.m in Sources */,
				F72DFD8020961B8500E2FA3A /* NSMutableAttributedString+LTExtension.m in Sources */,
				F72DFD8C20961B8500E2FA3A /* LTDotNetAPIClient.m in Sources */,
				F7F5EEAA2062935900098DCC /* main.m in Sources */,
				F72DFD7D20961B8500E2FA3A /* NSData+LTExtension.m in Sources */,
				F72DFD8920961B8500E2FA3A /* LTRequestClient.m in Sources */,
				F72DFD8A20961B8500E2FA3A /* LTNetworkClient.m in Sources */,
				F72DFD7E20961B8500E2FA3A /* NSMutableData+LTExtension.m in Sources */,
				F7F5EE9C2062935900098DCC /* AppDelegate.m in Sources */,
				F7267EF920982C6C003F3CB3 /* LTTabBarItemModel.m in Sources */,
				F72DFDAF2096ACB400E2FA3A /* LTBaseView.m in Sources */,
				F72DFDA92096AB6F00E2FA3A /* LTBaseNavigationController.m in Sources */,
				F776B1372098C6EA0070A027 /* LTGradientButton.m in Sources */,
				F72DFD8520961B8500E2FA3A /* NSObject+LTExtension.m in Sources */,
				F7267EFB20982C6D003F3CB3 /* LTTabBarAdapter.m in Sources */,
			);
			runOnlyForDeploymentPostprocessing = 0;
		};
		F7F5EEAB2062935900098DCC /* Sources */ = {
			isa = PBXSourcesBuildPhase;
			buildActionMask = 2147483647;
			files = (
				F7F5EEB42062935900098DCC /* LinkTreeTests.m in Sources */,
			);
			runOnlyForDeploymentPostprocessing = 0;
		};
		F7F5EEB62062935900098DCC /* Sources */ = {
			isa = PBXSourcesBuildPhase;
			buildActionMask = 2147483647;
			files = (
				F7F5EEBF2062935900098DCC /* LinkTreeUITests.m in Sources */,
			);
			runOnlyForDeploymentPostprocessing = 0;
		};
/* End PBXSourcesBuildPhase section */

/* Begin PBXTargetDependency section */
		F7F5EEB12062935900098DCC /* PBXTargetDependency */ = {
			isa = PBXTargetDependency;
			target = F7F5EE962062935900098DCC /* LinkTree */;
			targetProxy = F7F5EEB02062935900098DCC /* PBXContainerItemProxy */;
		};
		F7F5EEBC2062935900098DCC /* PBXTargetDependency */ = {
			isa = PBXTargetDependency;
			target = F7F5EE962062935900098DCC /* LinkTree */;
			targetProxy = F7F5EEBB2062935900098DCC /* PBXContainerItemProxy */;
		};
/* End PBXTargetDependency section */

/* Begin PBXVariantGroup section */
		F7267F0C20987A16003F3CB3 /* InfoPlist.strings */ = {
			isa = PBXVariantGroup;
			children = (
				F7267F0B20987A16003F3CB3 /* en */,
				F7267F0D20987A17003F3CB3 /* zh-Hans */,
				F7267F0E20987A1A003F3CB3 /* zh-Hant */,
			);
			name = InfoPlist.strings;
			sourceTree = "<group>";
		};
		F7267F1320987A59003F3CB3 /* Localizable.strings */ = {
			isa = PBXVariantGroup;
			children = (
				F7267F1220987A59003F3CB3 /* en */,
				F7267F1420987A5A003F3CB3 /* zh-Hans */,
				F7267F1520987A5B003F3CB3 /* zh-Hant */,
			);
			name = Localizable.strings;
			sourceTree = "<group>";
		};
		F7F5EEA02062935900098DCC /* Main.storyboard */ = {
			isa = PBXVariantGroup;
			children = (
				F7F5EEA12062935900098DCC /* Base */,
				F7267F042098797C003F3CB3 /* zh-Hans */,
				F7267F0620987981003F3CB3 /* zh-Hant */,
			);
			name = Main.storyboard;
			sourceTree = "<group>";
		};
		F7F5EEA52062935900098DCC /* LaunchScreen.storyboard */ = {
			isa = PBXVariantGroup;
			children = (
				F7F5EEA62062935900098DCC /* Base */,
				F7267F052098797C003F3CB3 /* zh-Hans */,
				F7267F0720987981003F3CB3 /* zh-Hant */,
			);
			name = LaunchScreen.storyboard;
			sourceTree = "<group>";
		};
/* End PBXVariantGroup section */

/* Begin XCBuildConfiguration section */
		F7F5EEC12062935900098DCC /* Debug */ = {
			isa = XCBuildConfiguration;
			buildSettings = {
				ALWAYS_SEARCH_USER_PATHS = NO;
				CLANG_ANALYZER_LOCALIZABILITY_NONLOCALIZED = YES;
				CLANG_ANALYZER_NONNULL = YES;
				CLANG_ANALYZER_NUMBER_OBJECT_CONVERSION = YES_AGGRESSIVE;
				CLANG_CXX_LANGUAGE_STANDARD = "gnu++14";
				CLANG_CXX_LIBRARY = "libc++";
				CLANG_ENABLE_MODULES = YES;
				CLANG_ENABLE_OBJC_ARC = YES;
				CLANG_WARN_BLOCK_CAPTURE_AUTORELEASING = YES;
				CLANG_WARN_BOOL_CONVERSION = YES;
				CLANG_WARN_COMMA = YES;
				CLANG_WARN_CONSTANT_CONVERSION = YES;
				CLANG_WARN_DIRECT_OBJC_ISA_USAGE = YES_ERROR;
				CLANG_WARN_DOCUMENTATION_COMMENTS = YES;
				CLANG_WARN_EMPTY_BODY = YES;
				CLANG_WARN_ENUM_CONVERSION = YES;
				CLANG_WARN_INFINITE_RECURSION = YES;
				CLANG_WARN_INT_CONVERSION = YES;
				CLANG_WARN_NON_LITERAL_NULL_CONVERSION = YES;
				CLANG_WARN_OBJC_LITERAL_CONVERSION = YES;
				CLANG_WARN_OBJC_ROOT_CLASS = YES_ERROR;
				CLANG_WARN_RANGE_LOOP_ANALYSIS = YES;
				CLANG_WARN_STRICT_PROTOTYPES = YES;
				CLANG_WARN_SUSPICIOUS_MOVE = YES;
				CLANG_WARN_UNGUARDED_AVAILABILITY = YES_AGGRESSIVE;
				CLANG_WARN_UNREACHABLE_CODE = YES;
				CLANG_WARN__DUPLICATE_METHOD_MATCH = YES;
				CODE_SIGN_IDENTITY = "iPhone Developer";
				COPY_PHASE_STRIP = NO;
				DEBUG_INFORMATION_FORMAT = dwarf;
				ENABLE_STRICT_OBJC_MSGSEND = YES;
				ENABLE_TESTABILITY = YES;
				GCC_C_LANGUAGE_STANDARD = gnu11;
				GCC_DYNAMIC_NO_PIC = NO;
				GCC_NO_COMMON_BLOCKS = YES;
				GCC_OPTIMIZATION_LEVEL = 0;
				GCC_PREPROCESSOR_DEFINITIONS = (
					"DEBUG=1",
					"$(inherited)",
				);
				GCC_WARN_64_TO_32_BIT_CONVERSION = YES;
				GCC_WARN_ABOUT_RETURN_TYPE = YES_ERROR;
				GCC_WARN_UNDECLARED_SELECTOR = YES;
				GCC_WARN_UNINITIALIZED_AUTOS = YES_AGGRESSIVE;
				GCC_WARN_UNUSED_FUNCTION = YES;
				GCC_WARN_UNUSED_VARIABLE = YES;
				IPHONEOS_DEPLOYMENT_TARGET = 11.2;
				MTL_ENABLE_DEBUG_INFO = YES;
				ONLY_ACTIVE_ARCH = YES;
				SDKROOT = iphoneos;
			};
			name = Debug;
		};
		F7F5EEC22062935900098DCC /* Release */ = {
			isa = XCBuildConfiguration;
			buildSettings = {
				ALWAYS_SEARCH_USER_PATHS = NO;
				CLANG_ANALYZER_LOCALIZABILITY_NONLOCALIZED = YES;
				CLANG_ANALYZER_NONNULL = YES;
				CLANG_ANALYZER_NUMBER_OBJECT_CONVERSION = YES_AGGRESSIVE;
				CLANG_CXX_LANGUAGE_STANDARD = "gnu++14";
				CLANG_CXX_LIBRARY = "libc++";
				CLANG_ENABLE_MODULES = YES;
				CLANG_ENABLE_OBJC_ARC = YES;
				CLANG_WARN_BLOCK_CAPTURE_AUTORELEASING = YES;
				CLANG_WARN_BOOL_CONVERSION = YES;
				CLANG_WARN_COMMA = YES;
				CLANG_WARN_CONSTANT_CONVERSION = YES;
				CLANG_WARN_DIRECT_OBJC_ISA_USAGE = YES_ERROR;
				CLANG_WARN_DOCUMENTATION_COMMENTS = YES;
				CLANG_WARN_EMPTY_BODY = YES;
				CLANG_WARN_ENUM_CONVERSION = YES;
				CLANG_WARN_INFINITE_RECURSION = YES;
				CLANG_WARN_INT_CONVERSION = YES;
				CLANG_WARN_NON_LITERAL_NULL_CONVERSION = YES;
				CLANG_WARN_OBJC_LITERAL_CONVERSION = YES;
				CLANG_WARN_OBJC_ROOT_CLASS = YES_ERROR;
				CLANG_WARN_RANGE_LOOP_ANALYSIS = YES;
				CLANG_WARN_STRICT_PROTOTYPES = YES;
				CLANG_WARN_SUSPICIOUS_MOVE = YES;
				CLANG_WARN_UNGUARDED_AVAILABILITY = YES_AGGRESSIVE;
				CLANG_WARN_UNREACHABLE_CODE = YES;
				CLANG_WARN__DUPLICATE_METHOD_MATCH = YES;
				CODE_SIGN_IDENTITY = "iPhone Developer";
				COPY_PHASE_STRIP = NO;
				DEBUG_INFORMATION_FORMAT = "dwarf-with-dsym";
				ENABLE_NS_ASSERTIONS = NO;
				ENABLE_STRICT_OBJC_MSGSEND = YES;
				GCC_C_LANGUAGE_STANDARD = gnu11;
				GCC_NO_COMMON_BLOCKS = YES;
				GCC_WARN_64_TO_32_BIT_CONVERSION = YES;
				GCC_WARN_ABOUT_RETURN_TYPE = YES_ERROR;
				GCC_WARN_UNDECLARED_SELECTOR = YES;
				GCC_WARN_UNINITIALIZED_AUTOS = YES_AGGRESSIVE;
				GCC_WARN_UNUSED_FUNCTION = YES;
				GCC_WARN_UNUSED_VARIABLE = YES;
				IPHONEOS_DEPLOYMENT_TARGET = 11.2;
				MTL_ENABLE_DEBUG_INFO = NO;
				SDKROOT = iphoneos;
				VALIDATE_PRODUCT = YES;
			};
			name = Release;
		};
		F7F5EEC42062935900098DCC /* Debug */ = {
			isa = XCBuildConfiguration;
			baseConfigurationReference = CCAD5C58E68A893D836EB9F7 /* Pods-LinkTree.debug.xcconfig */;
			buildSettings = {
				ASSETCATALOG_COMPILER_APPICON_NAME = AppIcon;
				CODE_SIGN_STYLE = Automatic;
				DEVELOPMENT_TEAM = 9VLGKW454T;
				INFOPLIST_FILE = LinkTree/Info.plist;
				LD_RUNPATH_SEARCH_PATHS = "$(inherited) @executable_path/Frameworks";
				PRODUCT_BUNDLE_IDENTIFIER = com.lizhan.LinkTree;
				PRODUCT_NAME = "$(TARGET_NAME)";
				TARGETED_DEVICE_FAMILY = "1,2";
			};
			name = Debug;
		};
		F7F5EEC52062935900098DCC /* Release */ = {
			isa = XCBuildConfiguration;
			baseConfigurationReference = 8374CD63E4F8D71AC2AB095A /* Pods-LinkTree.release.xcconfig */;
			buildSettings = {
				ASSETCATALOG_COMPILER_APPICON_NAME = AppIcon;
				CODE_SIGN_STYLE = Automatic;
				DEVELOPMENT_TEAM = 9VLGKW454T;
				INFOPLIST_FILE = LinkTree/Info.plist;
				LD_RUNPATH_SEARCH_PATHS = "$(inherited) @executable_path/Frameworks";
				PRODUCT_BUNDLE_IDENTIFIER = com.lizhan.LinkTree;
				PRODUCT_NAME = "$(TARGET_NAME)";
				TARGETED_DEVICE_FAMILY = "1,2";
			};
			name = Release;
		};
		F7F5EEC72062935900098DCC /* Debug */ = {
			isa = XCBuildConfiguration;
			buildSettings = {
				BUNDLE_LOADER = "$(TEST_HOST)";
				CODE_SIGN_STYLE = Automatic;
				DEVELOPMENT_TEAM = 9VLGKW454T;
				INFOPLIST_FILE = LinkTreeTests/Info.plist;
				LD_RUNPATH_SEARCH_PATHS = "$(inherited) @executable_path/Frameworks @loader_path/Frameworks";
				PRODUCT_BUNDLE_IDENTIFIER = com.lizhan.LinkTreeTests;
				PRODUCT_NAME = "$(TARGET_NAME)";
				TARGETED_DEVICE_FAMILY = "1,2";
				TEST_HOST = "$(BUILT_PRODUCTS_DIR)/LinkTree.app/LinkTree";
			};
			name = Debug;
		};
		F7F5EEC82062935900098DCC /* Release */ = {
			isa = XCBuildConfiguration;
			buildSettings = {
				BUNDLE_LOADER = "$(TEST_HOST)";
				CODE_SIGN_STYLE = Automatic;
				DEVELOPMENT_TEAM = 9VLGKW454T;
				INFOPLIST_FILE = LinkTreeTests/Info.plist;
				LD_RUNPATH_SEARCH_PATHS = "$(inherited) @executable_path/Frameworks @loader_path/Frameworks";
				PRODUCT_BUNDLE_IDENTIFIER = com.lizhan.LinkTreeTests;
				PRODUCT_NAME = "$(TARGET_NAME)";
				TARGETED_DEVICE_FAMILY = "1,2";
				TEST_HOST = "$(BUILT_PRODUCTS_DIR)/LinkTree.app/LinkTree";
			};
			name = Release;
		};
		F7F5EECA2062935900098DCC /* Debug */ = {
			isa = XCBuildConfiguration;
			buildSettings = {
				CODE_SIGN_STYLE = Automatic;
				DEVELOPMENT_TEAM = 9VLGKW454T;
				INFOPLIST_FILE = LinkTreeUITests/Info.plist;
				LD_RUNPATH_SEARCH_PATHS = "$(inherited) @executable_path/Frameworks @loader_path/Frameworks";
				PRODUCT_BUNDLE_IDENTIFIER = com.lizhan.LinkTreeUITests;
				PRODUCT_NAME = "$(TARGET_NAME)";
				TARGETED_DEVICE_FAMILY = "1,2";
				TEST_TARGET_NAME = LinkTree;
			};
			name = Debug;
		};
		F7F5EECB2062935900098DCC /* Release */ = {
			isa = XCBuildConfiguration;
			buildSettings = {
				CODE_SIGN_STYLE = Automatic;
				DEVELOPMENT_TEAM = 9VLGKW454T;
				INFOPLIST_FILE = LinkTreeUITests/Info.plist;
				LD_RUNPATH_SEARCH_PATHS = "$(inherited) @executable_path/Frameworks @loader_path/Frameworks";
				PRODUCT_BUNDLE_IDENTIFIER = com.lizhan.LinkTreeUITests;
				PRODUCT_NAME = "$(TARGET_NAME)";
				TARGETED_DEVICE_FAMILY = "1,2";
				TEST_TARGET_NAME = LinkTree;
			};
			name = Release;
		};
/* End XCBuildConfiguration section */

/* Begin XCConfigurationList section */
		F7F5EE922062935900098DCC /* Build configuration list for PBXProject "LinkTree" */ = {
			isa = XCConfigurationList;
			buildConfigurations = (
				F7F5EEC12062935900098DCC /* Debug */,
				F7F5EEC22062935900098DCC /* Release */,
			);
			defaultConfigurationIsVisible = 0;
			defaultConfigurationName = Release;
		};
		F7F5EEC32062935900098DCC /* Build configuration list for PBXNativeTarget "LinkTree" */ = {
			isa = XCConfigurationList;
			buildConfigurations = (
				F7F5EEC42062935900098DCC /* Debug */,
				F7F5EEC52062935900098DCC /* Release */,
			);
			defaultConfigurationIsVisible = 0;
			defaultConfigurationName = Release;
		};
		F7F5EEC62062935900098DCC /* Build configuration list for PBXNativeTarget "LinkTreeTests" */ = {
			isa = XCConfigurationList;
			buildConfigurations = (
				F7F5EEC72062935900098DCC /* Debug */,
				F7F5EEC82062935900098DCC /* Release */,
			);
			defaultConfigurationIsVisible = 0;
			defaultConfigurationName = Release;
		};
		F7F5EEC92062935900098DCC /* Build configuration list for PBXNativeTarget "LinkTreeUITests" */ = {
			isa = XCConfigurationList;
			buildConfigurations = (
				F7F5EECA2062935900098DCC /* Debug */,
				F7F5EECB2062935900098DCC /* Release */,
			);
			defaultConfigurationIsVisible = 0;
			defaultConfigurationName = Release;
		};
/* End XCConfigurationList section */
	};
	rootObject = F7F5EE8F2062935900098DCC /* Project object */;
}
