// !$*UTF8*$!
{
	archiveVersion = 1;
	classes = {
	};
	objectVersion = 48;
	objects = {

/* Begin PBXBuildFile section */
		7DFD04DE860B312041FF064E /* Pods_LinkTree.framework in Frameworks */ = {isa = PBXBuildFile; fileRef = 6F9BA698EE050BD36F6C30D7 /* Pods_LinkTree.framework */; };
		F703A4D12090CABF00BFE8C9 /* NSDate+LTExtension.m in Sources */ = {isa = PBXBuildFile; fileRef = F703A4D02090CABF00BFE8C9 /* NSDate+LTExtension.m */; };
		F71DCD7820749D3B00FC7371 /* NSMutableData+LTExtension.m in Sources */ = {isa = PBXBuildFile; fileRef = F71DCD7720749D3B00FC7371 /* NSMutableData+LTExtension.m */; };
		F71DCD7B20749DE700FC7371 /* NSAttributedString+LTExtension.m in Sources */ = {isa = PBXBuildFile; fileRef = F71DCD7A20749DE700FC7371 /* NSAttributedString+LTExtension.m */; };
		F723847C20865592009E7B75 /* UIColor+LTExtension.m in Sources */ = {isa = PBXBuildFile; fileRef = F723847A20865591009E7B75 /* UIColor+LTExtension.m */; };
		F72ED181207C70480007D7AE /* LTUIHelper.m in Sources */ = {isa = PBXBuildFile; fileRef = F72ED180207C70470007D7AE /* LTUIHelper.m */; };
		F790037A20747C5F0024DC5B /* NSDictionary+LTExtension.m in Sources */ = {isa = PBXBuildFile; fileRef = F790037620747C5E0024DC5B /* NSDictionary+LTExtension.m */; };
		F790037B20747C5F0024DC5B /* NSMutableDictionary+LTExtension.m in Sources */ = {isa = PBXBuildFile; fileRef = F790037920747C5F0024DC5B /* NSMutableDictionary+LTExtension.m */; };
		F790037E20747C6D0024DC5B /* NSData+LTExtension.m in Sources */ = {isa = PBXBuildFile; fileRef = F790037C20747C6D0024DC5B /* NSData+LTExtension.m */; };
		F790038120747C7B0024DC5B /* NSString+LTExtension.m in Sources */ = {isa = PBXBuildFile; fileRef = F790037F20747C7B0024DC5B /* NSString+LTExtension.m */; };
		F790038620747CC50024DC5B /* NSMutableString+LTExtension.m in Sources */ = {isa = PBXBuildFile; fileRef = F790038520747CC50024DC5B /* NSMutableString+LTExtension.m */; };
		F790038920747CDE0024DC5B /* NSMutableAttributedString+LTExtension.m in Sources */ = {isa = PBXBuildFile; fileRef = F790038820747CDE0024DC5B /* NSMutableAttributedString+LTExtension.m */; };
		F790038C20747CEA0024DC5B /* NSArray+LTExtension.m in Sources */ = {isa = PBXBuildFile; fileRef = F790038A20747CEA0024DC5B /* NSArray+LTExtension.m */; };
		F790038F20747CF30024DC5B /* NSMutableArray+LTExtension.m in Sources */ = {isa = PBXBuildFile; fileRef = F790038E20747CF20024DC5B /* NSMutableArray+LTExtension.m */; };
		F790039220747CFF0024DC5B /* NSObject+LTExtension.m in Sources */ = {isa = PBXBuildFile; fileRef = F790039020747CFF0024DC5B /* NSObject+LTExtension.m */; };
		F7F5EE9C2062935900098DCC /* AppDelegate.m in Sources */ = {isa = PBXBuildFile; fileRef = F7F5EE9B2062935900098DCC /* AppDelegate.m */; };
		F7F5EE9F2062935900098DCC /* ViewController.m in Sources */ = {isa = PBXBuildFile; fileRef = F7F5EE9E2062935900098DCC /* ViewController.m */; };
		F7F5EEA22062935900098DCC /* Main.storyboard in Resources */ = {isa = PBXBuildFile; fileRef = F7F5EEA02062935900098DCC /* Main.storyboard */; };
		F7F5EEA42062935900098DCC /* Assets.xcassets in Resources */ = {isa = PBXBuildFile; fileRef = F7F5EEA32062935900098DCC /* Assets.xcassets */; };
		F7F5EEA72062935900098DCC /* LaunchScreen.storyboard in Resources */ = {isa = PBXBuildFile; fileRef = F7F5EEA52062935900098DCC /* LaunchScreen.storyboard */; };
		F7F5EEAA2062935900098DCC /* main.m in Sources */ = {isa = PBXBuildFile; fileRef = F7F5EEA92062935900098DCC /* main.m */; };
		F7F5EEB42062935900098DCC /* LinkTreeTests.m in Sources */ = {isa = PBXBuildFile; fileRef = F7F5EEB32062935900098DCC /* LinkTreeTests.m */; };
		F7F5EEBF2062935900098DCC /* LinkTreeUITests.m in Sources */ = {isa = PBXBuildFile; fileRef = F7F5EEBE2062935900098DCC /* LinkTreeUITests.m */; };
/* End PBXBuildFile section */

/* Begin PBXContainerItemProxy section */
		F7F5EEB02062935900098DCC /* PBXContainerItemProxy */ = {
			isa = PBXContainerItemProxy;
			containerPortal = F7F5EE8F2062935900098DCC /* Project object */;
			proxyType = 1;
			remoteGlobalIDString = F7F5EE962062935900098DCC;
			remoteInfo = LinkTree;
		};
		F7F5EEBB2062935900098DCC /* PBXContainerItemProxy */ = {
			isa = PBXContainerItemProxy;
			containerPortal = F7F5EE8F2062935900098DCC /* Project object */;
			proxyType = 1;
			remoteGlobalIDString = F7F5EE962062935900098DCC;
			remoteInfo = LinkTree;
		};
/* End PBXContainerItemProxy section */

/* Begin PBXFileReference section */
		6F9BA698EE050BD36F6C30D7 /* Pods_LinkTree.framework */ = {isa = PBXFileReference; explicitFileType = wrapper.framework; includeInIndex = 0; path = Pods_LinkTree.framework; sourceTree = BUILT_PRODUCTS_DIR; };
		8374CD63E4F8D71AC2AB095A /* Pods-LinkTree.release.xcconfig */ = {isa = PBXFileReference; includeInIndex = 1; lastKnownFileType = text.xcconfig; name = "Pods-LinkTree.release.xcconfig"; path = "Pods/Target Support Files/Pods-LinkTree/Pods-LinkTree.release.xcconfig"; sourceTree = "<group>"; };
		CCAD5C58E68A893D836EB9F7 /* Pods-LinkTree.debug.xcconfig */ = {isa = PBXFileReference; includeInIndex = 1; lastKnownFileType = text.xcconfig; name = "Pods-LinkTree.debug.xcconfig"; path = "Pods/Target Support Files/Pods-LinkTree/Pods-LinkTree.debug.xcconfig"; sourceTree = "<group>"; };
		F703A4CF2090CABF00BFE8C9 /* NSDate+LTExtension.h */ = {isa = PBXFileReference; fileEncoding = 4; lastKnownFileType = sourcecode.c.h; path = "NSDate+LTExtension.h"; sourceTree = "<group>"; };
		F703A4D02090CABF00BFE8C9 /* NSDate+LTExtension.m */ = {isa = PBXFileReference; fileEncoding = 4; lastKnownFileType = sourcecode.c.objc; path = "NSDate+LTExtension.m"; sourceTree = "<group>"; };
		F71DCD7620749D3B00FC7371 /* NSMutableData+LTExtension.h */ = {isa = PBXFileReference; lastKnownFileType = sourcecode.c.h; path = "NSMutableData+LTExtension.h"; sourceTree = "<group>"; };
		F71DCD7720749D3B00FC7371 /* NSMutableData+LTExtension.m */ = {isa = PBXFileReference; lastKnownFileType = sourcecode.c.objc; path = "NSMutableData+LTExtension.m"; sourceTree = "<group>"; };
		F71DCD7920749DE700FC7371 /* NSAttributedString+LTExtension.h */ = {isa = PBXFileReference; lastKnownFileType = sourcecode.c.h; path = "NSAttributedString+LTExtension.h"; sourceTree = "<group>"; };
		F71DCD7A20749DE700FC7371 /* NSAttributedString+LTExtension.m */ = {isa = PBXFileReference; lastKnownFileType = sourcecode.c.objc; path = "NSAttributedString+LTExtension.m"; sourceTree = "<group>"; };
		F723847A20865591009E7B75 /* UIColor+LTExtension.m */ = {isa = PBXFileReference; fileEncoding = 4; lastKnownFileType = sourcecode.c.objc; path = "UIColor+LTExtension.m"; sourceTree = "<group>"; };
		F723847B20865591009E7B75 /* UIColor+LTExtension.h */ = {isa = PBXFileReference; fileEncoding = 4; lastKnownFileType = sourcecode.c.h; path = "UIColor+LTExtension.h"; sourceTree = "<group>"; };
		F72ED17F207C70470007D7AE /* LTUIHelper.h */ = {isa = PBXFileReference; lastKnownFileType = sourcecode.c.h; path = LTUIHelper.h; sourceTree = "<group>"; };
		F72ED180207C70470007D7AE /* LTUIHelper.m */ = {isa = PBXFileReference; lastKnownFileType = sourcecode.c.objc; path = LTUIHelper.m; sourceTree = "<group>"; };
		F76089C1207A2D32007CE474 /* LTUIMacro.h */ = {isa = PBXFileReference; lastKnownFileType = sourcecode.c.h; path = LTUIMacro.h; sourceTree = "<group>"; };
		F76089C2207A2ED1007CE474 /* LTMainMacro.h */ = {isa = PBXFileReference; lastKnownFileType = sourcecode.c.h; path = LTMainMacro.h; sourceTree = "<group>"; };
		F790037620747C5E0024DC5B /* NSDictionary+LTExtension.m */ = {isa = PBXFileReference; fileEncoding = 4; lastKnownFileType = sourcecode.c.objc; path = "NSDictionary+LTExtension.m"; sourceTree = "<group>"; };
		F790037720747C5F0024DC5B /* NSMutableDictionary+LTExtension.h */ = {isa = PBXFileReference; fileEncoding = 4; lastKnownFileType = sourcecode.c.h; path = "NSMutableDictionary+LTExtension.h"; sourceTree = "<group>"; };
		F790037820747C5F0024DC5B /* NSDictionary+LTExtension.h */ = {isa = PBXFileReference; fileEncoding = 4; lastKnownFileType = sourcecode.c.h; path = "NSDictionary+LTExtension.h"; sourceTree = "<group>"; };
		F790037920747C5F0024DC5B /* NSMutableDictionary+LTExtension.m */ = {isa = PBXFileReference; fileEncoding = 4; lastKnownFileType = sourcecode.c.objc; path = "NSMutableDictionary+LTExtension.m"; sourceTree = "<group>"; };
		F790037C20747C6D0024DC5B /* NSData+LTExtension.m */ = {isa = PBXFileReference; fileEncoding = 4; lastKnownFileType = sourcecode.c.objc; path = "NSData+LTExtension.m"; sourceTree = "<group>"; };
		F790037D20747C6D0024DC5B /* NSData+LTExtension.h */ = {isa = PBXFileReference; fileEncoding = 4; lastKnownFileType = sourcecode.c.h; path = "NSData+LTExtension.h"; sourceTree = "<group>"; };
		F790037F20747C7B0024DC5B /* NSString+LTExtension.m */ = {isa = PBXFileReference; fileEncoding = 4; lastKnownFileType = sourcecode.c.objc; path = "NSString+LTExtension.m"; sourceTree = "<group>"; };
		F790038020747C7B0024DC5B /* NSString+LTExtension.h */ = {isa = PBXFileReference; fileEncoding = 4; lastKnownFileType = sourcecode.c.h; path = "NSString+LTExtension.h"; sourceTree = "<group>"; };
		F790038420747CC50024DC5B /* NSMutableString+LTExtension.h */ = {isa = PBXFileReference; fileEncoding = 4; lastKnownFileType = sourcecode.c.h; path = "NSMutableString+LTExtension.h"; sourceTree = "<group>"; };
		F790038520747CC50024DC5B /* NSMutableString+LTExtension.m */ = {isa = PBXFileReference; fileEncoding = 4; lastKnownFileType = sourcecode.c.objc; path = "NSMutableString+LTExtension.m"; sourceTree = "<group>"; };
		F790038720747CDE0024DC5B /* NSMutableAttributedString+LTExtension.h */ = {isa = PBXFileReference; fileEncoding = 4; lastKnownFileType = sourcecode.c.h; path = "NSMutableAttributedString+LTExtension.h"; sourceTree = "<group>"; };
		F790038820747CDE0024DC5B /* NSMutableAttributedString+LTExtension.m */ = {isa = PBXFileReference; fileEncoding = 4; lastKnownFileType = sourcecode.c.objc; path = "NSMutableAttributedString+LTExtension.m"; sourceTree = "<group>"; };
		F790038A20747CEA0024DC5B /* NSArray+LTExtension.m */ = {isa = PBXFileReference; fileEncoding = 4; lastKnownFileType = sourcecode.c.objc; path = "NSArray+LTExtension.m"; sourceTree = "<group>"; };
		F790038B20747CEA0024DC5B /* NSArray+LTExtension.h */ = {isa = PBXFileReference; fileEncoding = 4; lastKnownFileType = sourcecode.c.h; path = "NSArray+LTExtension.h"; sourceTree = "<group>"; };
		F790038D20747CF20024DC5B /* NSMutableArray+LTExtension.h */ = {isa = PBXFileReference; fileEncoding = 4; lastKnownFileType = sourcecode.c.h; path = "NSMutableArray+LTExtension.h"; sourceTree = "<group>"; };
		F790038E20747CF20024DC5B /* NSMutableArray+LTExtension.m */ = {isa = PBXFileReference; fileEncoding = 4; lastKnownFileType = sourcecode.c.objc; path = "NSMutableArray+LTExtension.m"; sourceTree = "<group>"; };
		F790039020747CFF0024DC5B /* NSObject+LTExtension.m */ = {isa = PBXFileReference; fileEncoding = 4; lastKnownFileType = sourcecode.c.objc; path = "NSObject+LTExtension.m"; sourceTree = "<group>"; };
		F790039120747CFF0024DC5B /* NSObject+LTExtension.h */ = {isa = PBXFileReference; fileEncoding = 4; lastKnownFileType = sourcecode.c.h; path = "NSObject+LTExtension.h"; sourceTree = "<group>"; };
		F7F5EE972062935900098DCC /* LinkTree.app */ = {isa = PBXFileReference; explicitFileType = wrapper.application; includeInIndex = 0; path = LinkTree.app; sourceTree = BUILT_PRODUCTS_DIR; };
		F7F5EE9A2062935900098DCC /* AppDelegate.h */ = {isa = PBXFileReference; lastKnownFileType = sourcecode.c.h; path = AppDelegate.h; sourceTree = "<group>"; };
		F7F5EE9B2062935900098DCC /* AppDelegate.m */ = {isa = PBXFileReference; lastKnownFileType = sourcecode.c.objc; path = AppDelegate.m; sourceTree = "<group>"; };
		F7F5EE9D2062935900098DCC /* ViewController.h */ = {isa = PBXFileReference; lastKnownFileType = sourcecode.c.h; path = ViewController.h; sourceTree = "<group>"; };
		F7F5EE9E2062935900098DCC /* ViewController.m */ = {isa = PBXFileReference; lastKnownFileType = sourcecode.c.objc; path = ViewController.m; sourceTree = "<group>"; };
		F7F5EEA12062935900098DCC /* Base */ = {isa = PBXFileReference; lastKnownFileType = file.storyboard; name = Base; path = Base.lproj/Main.storyboard; sourceTree = "<group>"; };
		F7F5EEA32062935900098DCC /* Assets.xcassets */ = {isa = PBXFileReference; lastKnownFileType = folder.assetcatalog; path = Assets.xcassets; sourceTree = "<group>"; };
		F7F5EEA62062935900098DCC /* Base */ = {isa = PBXFileReference; lastKnownFileType = file.storyboard; name = Base; path = Base.lproj/LaunchScreen.storyboard; sourceTree = "<group>"; };
		F7F5EEA82062935900098DCC /* Info.plist */ = {isa = PBXFileReference; lastKnownFileType = text.plist.xml; path = Info.plist; sourceTree = "<group>"; };
		F7F5EEA92062935900098DCC /* main.m */ = {isa = PBXFileReference; lastKnownFileType = sourcecode.c.objc; path = main.m; sourceTree = "<group>"; };
		F7F5EEAF2062935900098DCC /* LinkTreeTests.xctest */ = {isa = PBXFileReference; explicitFileType = wrapper.cfbundle; includeInIndex = 0; path = LinkTreeTests.xctest; sourceTree = BUILT_PRODUCTS_DIR; };
		F7F5EEB32062935900098DCC /* LinkTreeTests.m */ = {isa = PBXFileReference; lastKnownFileType = sourcecode.c.objc; path = LinkTreeTests.m; sourceTree = "<group>"; };
		F7F5EEB52062935900098DCC /* Info.plist */ = {isa = PBXFileReference; lastKnownFileType = text.plist.xml; path = Info.plist; sourceTree = "<group>"; };
		F7F5EEBA2062935900098DCC /* LinkTreeUITests.xctest */ = {isa = PBXFileReference; explicitFileType = wrapper.cfbundle; includeInIndex = 0; path = LinkTreeUITests.xctest; sourceTree = BUILT_PRODUCTS_DIR; };
		F7F5EEBE2062935900098DCC /* LinkTreeUITests.m */ = {isa = PBXFileReference; lastKnownFileType = sourcecode.c.objc; path = LinkTreeUITests.m; sourceTree = "<group>"; };
		F7F5EEC02062935900098DCC /* Info.plist */ = {isa = PBXFileReference; lastKnownFileType = text.plist.xml; path = Info.plist; sourceTree = "<group>"; };
/* End PBXFileReference section */

/* Begin PBXFrameworksBuildPhase section */
		F7F5EE942062935900098DCC /* Frameworks */ = {
			isa = PBXFrameworksBuildPhase;
			buildActionMask = 2147483647;
			files = (
				7DFD04DE860B312041FF064E /* Pods_LinkTree.framework in Frameworks */,
			);
			runOnlyForDeploymentPostprocessing = 0;
		};
		F7F5EEAC2062935900098DCC /* Frameworks */ = {
			isa = PBXFrameworksBuildPhase;
			buildActionMask = 2147483647;
			files = (
			);
			runOnlyForDeploymentPostprocessing = 0;
		};
		F7F5EEB72062935900098DCC /* Frameworks */ = {
			isa = PBXFrameworksBuildPhase;
			buildActionMask = 2147483647;
			files = (
			);
			runOnlyForDeploymentPostprocessing = 0;
		};
/* End PBXFrameworksBuildPhase section */

/* Begin PBXGroup section */
		570C6D07846FE54B4593178E /* Pods */ = {
			isa = PBXGroup;
			children = (
				CCAD5C58E68A893D836EB9F7 /* Pods-LinkTree.debug.xcconfig */,
				8374CD63E4F8D71AC2AB095A /* Pods-LinkTree.release.xcconfig */,
			);
			name = Pods;
			sourceTree = "<group>";
		};
		B12495BEDA4E18EE17F8C353 /* Frameworks */ = {
			isa = PBXGroup;
			children = (
				6F9BA698EE050BD36F6C30D7 /* Pods_LinkTree.framework */,
			);
			name = Frameworks;
			sourceTree = "<group>";
		};
		F703A4CE2090CABF00BFE8C9 /* NSDate */ = {
			isa = PBXGroup;
			children = (
				F703A4CF2090CABF00BFE8C9 /* NSDate+LTExtension.h */,
				F703A4D02090CABF00BFE8C9 /* NSDate+LTExtension.m */,
			);
			path = NSDate;
			sourceTree = "<group>";
		};
		F723847520864734009E7B75 /* UIColor */ = {
			isa = PBXGroup;
			children = (
				F723847B20865591009E7B75 /* UIColor+LTExtension.h */,
				F723847A20865591009E7B75 /* UIColor+LTExtension.m */,
			);
			path = UIColor;
			sourceTree = "<group>";
		};
		F790037020747C300024DC5B /* Foundation */ = {
			isa = PBXGroup;
			children = (
				F703A4CE2090CABF00BFE8C9 /* NSDate */,
				F790037120747C300024DC5B /* NSDictionary */,
				F790037220747C300024DC5B /* NSData */,
				F790037320747C300024DC5B /* NSString */,
				F790037420747C300024DC5B /* NSArray */,
				F790037520747C300024DC5B /* NSObject */,
			);
			path = Foundation;
			sourceTree = "<group>";
		};
		F790037120747C300024DC5B /* NSDictionary */ = {
			isa = PBXGroup;
			children = (
				F790037820747C5F0024DC5B /* NSDictionary+LTExtension.h */,
				F790037620747C5E0024DC5B /* NSDictionary+LTExtension.m */,
				F790037720747C5F0024DC5B /* NSMutableDictionary+LTExtension.h */,
				F790037920747C5F0024DC5B /* NSMutableDictionary+LTExtension.m */,
			);
			path = NSDictionary;
			sourceTree = "<group>";
		};
		F790037220747C300024DC5B /* NSData */ = {
			isa = PBXGroup;
			children = (
				F790037D20747C6D0024DC5B /* NSData+LTExtension.h */,
				F790037C20747C6D0024DC5B /* NSData+LTExtension.m */,
				F71DCD7620749D3B00FC7371 /* NSMutableData+LTExtension.h */,
				F71DCD7720749D3B00FC7371 /* NSMutableData+LTExtension.m */,
			);
			path = NSData;
			sourceTree = "<group>";
		};
		F790037320747C300024DC5B /* NSString */ = {
			isa = PBXGroup;
			children = (
				F790038020747C7B0024DC5B /* NSString+LTExtension.h */,
				F790037F20747C7B0024DC5B /* NSString+LTExtension.m */,
				F790038420747CC50024DC5B /* NSMutableString+LTExtension.h */,
				F790038520747CC50024DC5B /* NSMutableString+LTExtension.m */,
				F71DCD7920749DE700FC7371 /* NSAttributedString+LTExtension.h */,
				F71DCD7A20749DE700FC7371 /* NSAttributedString+LTExtension.m */,
				F790038720747CDE0024DC5B /* NSMutableAttributedString+LTExtension.h */,
				F790038820747CDE0024DC5B /* NSMutableAttributedString+LTExtension.m */,
			);
			path = NSString;
			sourceTree = "<group>";
		};
		F790037420747C300024DC5B /* NSArray */ = {
			isa = PBXGroup;
			children = (
				F790038B20747CEA0024DC5B /* NSArray+LTExtension.h */,
				F790038A20747CEA0024DC5B /* NSArray+LTExtension.m */,
				F790038D20747CF20024DC5B /* NSMutableArray+LTExtension.h */,
				F790038E20747CF20024DC5B /* NSMutableArray+LTExtension.m */,
			);
			path = NSArray;
			sourceTree = "<group>";
		};
		F790037520747C300024DC5B /* NSObject */ = {
			isa = PBXGroup;
			children = (
				F790039120747CFF0024DC5B /* NSObject+LTExtension.h */,
				F790039020747CFF0024DC5B /* NSObject+LTExtension.m */,
			);
			path = NSObject;
			sourceTree = "<group>";
		};
		F790039320747D350024DC5B /* Macro */ = {
			isa = PBXGroup;
			children = (
				F76089C2207A2ED1007CE474 /* LTMainMacro.h */,
				F76089C1207A2D32007CE474 /* LTUIMacro.h */,
			);
			path = Macro;
			sourceTree = "<group>";
		};
		F790039520747E9B0024DC5B /* UIKit */ = {
			isa = PBXGroup;
			children = (
				F72ED17F207C70470007D7AE /* LTUIHelper.h */,
				F72ED180207C70470007D7AE /* LTUIHelper.m */,
				F723847520864734009E7B75 /* UIColor */,
			);
			path = UIKit;
			sourceTree = "<group>";
		};
		F7F5EE8E2062935900098DCC = {
			isa = PBXGroup;
			children = (
				F7F5EE992062935900098DCC /* LinkTree */,
				F7F5EEB22062935900098DCC /* LinkTreeTests */,
				F7F5EEBD2062935900098DCC /* LinkTreeUITests */,
				F7F5EE982062935900098DCC /* Products */,
				570C6D07846FE54B4593178E /* Pods */,
				B12495BEDA4E18EE17F8C353 /* Frameworks */,
			);
			sourceTree = "<group>";
		};
		F7F5EE982062935900098DCC /* Products */ = {
			isa = PBXGroup;
			children = (
				F7F5EE972062935900098DCC /* LinkTree.app */,
				F7F5EEAF2062935900098DCC /* LinkTreeTests.xctest */,
				F7F5EEBA2062935900098DCC /* LinkTreeUITests.xctest */,
			);
			name = Products;
			sourceTree = "<group>";
		};
		F7F5EE992062935900098DCC /* LinkTree */ = {
			isa = PBXGroup;
			children = (
				F790039520747E9B0024DC5B /* UIKit */,
				F790039320747D350024DC5B /* Macro */,
				F790037020747C300024DC5B /* Foundation */,
				F7F5EE9A2062935900098DCC /* AppDelegate.h */,
				F7F5EE9B2062935900098DCC /* AppDelegate.m */,
				F7F5EE9D2062935900098DCC /* ViewController.h */,
				F7F5EE9E2062935900098DCC /* ViewController.m */,
				F7F5EEA02062935900098DCC /* Main.storyboard */,
				F7F5EEA32062935900098DCC /* Assets.xcassets */,
				F7F5EEA52062935900098DCC /* LaunchScreen.storyboard */,
				F7F5EEA82062935900098DCC /* Info.plist */,
				F7F5EEA92062935900098DCC /* main.m */,
			);
			path = LinkTree;
			sourceTree = "<group>";
		};
		F7F5EEB22062935900098DCC /* LinkTreeTests */ = {
			isa = PBXGroup;
			children = (
				F7F5EEB32062935900098DCC /* LinkTreeTests.m */,
				F7F5EEB52062935900098DCC /* Info.plist */,
			);
			path = LinkTreeTests;
			sourceTree = "<group>";
		};
		F7F5EEBD2062935900098DCC /* LinkTreeUITests */ = {
			isa = PBXGroup;
			children = (
				F7F5EEBE2062935900098DCC /* LinkTreeUITests.m */,
				F7F5EEC02062935900098DCC /* Info.plist */,
			);
			path = LinkTreeUITests;
			sourceTree = "<group>";
		};
/* End PBXGroup section */

/* Begin PBXNativeTarget section */
		F7F5EE962062935900098DCC /* LinkTree */ = {
			isa = PBXNativeTarget;
			buildConfigurationList = F7F5EEC32062935900098DCC /* Build configuration list for PBXNativeTarget "LinkTree" */;
			buildPhases = (
				27D76E865D282421EF02FE01 /* [CP] Check Pods Manifest.lock */,
				F7F5EE932062935900098DCC /* Sources */,
				F7F5EE942062935900098DCC /* Frameworks */,
				F7F5EE952062935900098DCC /* Resources */,
				9F146C301CD1E6323A30F284 /* [CP] Embed Pods Frameworks */,
				206B26C17744D266CD30118A /* [CP] Copy Pods Resources */,
			);
			buildRules = (
			);
			dependencies = (
			);
			name = LinkTree;
			productName = LinkTree;
			productReference = F7F5EE972062935900098DCC /* LinkTree.app */;
			productType = "com.apple.product-type.application";
		};
		F7F5EEAE2062935900098DCC /* LinkTreeTests */ = {
			isa = PBXNativeTarget;
			buildConfigurationList = F7F5EEC62062935900098DCC /* Build configuration list for PBXNativeTarget "LinkTreeTests" */;
			buildPhases = (
				F7F5EEAB2062935900098DCC /* Sources */,
				F7F5EEAC2062935900098DCC /* Frameworks */,
				F7F5EEAD2062935900098DCC /* Resources */,
			);
			buildRules = (
			);
			dependencies = (
				F7F5EEB12062935900098DCC /* PBXTargetDependency */,
			);
			name = LinkTreeTests;
			productName = LinkTreeTests;
			productReference = F7F5EEAF2062935900098DCC /* LinkTreeTests.xctest */;
			productType = "com.apple.product-type.bundle.unit-test";
		};
		F7F5EEB92062935900098DCC /* LinkTreeUITests */ = {
			isa = PBXNativeTarget;
			buildConfigurationList = F7F5EEC92062935900098DCC /* Build configuration list for PBXNativeTarget "LinkTreeUITests" */;
			buildPhases = (
				F7F5EEB62062935900098DCC /* Sources */,
				F7F5EEB72062935900098DCC /* Frameworks */,
				F7F5EEB82062935900098DCC /* Resources */,
			);
			buildRules = (
			);
			dependencies = (
				F7F5EEBC2062935900098DCC /* PBXTargetDependency */,
			);
			name = LinkTreeUITests;
			productName = LinkTreeUITests;
			productReference = F7F5EEBA2062935900098DCC /* LinkTreeUITests.xctest */;
			productType = "com.apple.product-type.bundle.ui-testing";
		};
/* End PBXNativeTarget section */

/* Begin PBXProject section */
		F7F5EE8F2062935900098DCC /* Project object */ = {
			isa = PBXProject;
			attributes = {
				LastUpgradeCheck = 0920;
				ORGANIZATIONNAME = lizhan;
				TargetAttributes = {
					F7F5EE962062935900098DCC = {
						CreatedOnToolsVersion = 9.2;
						ProvisioningStyle = Automatic;
					};
					F7F5EEAE2062935900098DCC = {
						CreatedOnToolsVersion = 9.2;
						ProvisioningStyle = Automatic;
						TestTargetID = F7F5EE962062935900098DCC;
					};
					F7F5EEB92062935900098DCC = {
						CreatedOnToolsVersion = 9.2;
						ProvisioningStyle = Automatic;
						TestTargetID = F7F5EE962062935900098DCC;
					};
				};
			};
			buildConfigurationList = F7F5EE922062935900098DCC /* Build configuration list for PBXProject "LinkTree" */;
			compatibilityVersion = "Xcode 8.0";
			developmentRegion = en;
			hasScannedForEncodings = 0;
			knownRegions = (
				en,
				Base,
			);
			mainGroup = F7F5EE8E2062935900098DCC;
			productRefGroup = F7F5EE982062935900098DCC /* Products */;
			projectDirPath = "";
			projectRoot = "";
			targets = (
				F7F5EE962062935900098DCC /* LinkTree */,
				F7F5EEAE2062935900098DCC /* LinkTreeTests */,
				F7F5EEB92062935900098DCC /* LinkTreeUITests */,
			);
		};
/* End PBXProject section */

/* Begin PBXResourcesBuildPhase section */
		F7F5EE952062935900098DCC /* Resources */ = {
			isa = PBXResourcesBuildPhase;
			buildActionMask = 2147483647;
			files = (
				F7F5EEA72062935900098DCC /* LaunchScreen.storyboard in Resources */,
				F7F5EEA42062935900098DCC /* Assets.xcassets in Resources */,
				F7F5EEA22062935900098DCC /* Main.storyboard in Resources */,
			);
			runOnlyForDeploymentPostprocessing = 0;
		};
		F7F5EEAD2062935900098DCC /* Resources */ = {
			isa = PBXResourcesBuildPhase;
			buildActionMask = 2147483647;
			files = (
			);
			runOnlyForDeploymentPostprocessing = 0;
		};
		F7F5EEB82062935900098DCC /* Resources */ = {
			isa = PBXResourcesBuildPhase;
			buildActionMask = 2147483647;
			files = (
			);
			runOnlyForDeploymentPostprocessing = 0;
		};
/* End PBXResourcesBuildPhase section */

/* Begin PBXShellScriptBuildPhase section */
		206B26C17744D266CD30118A /* [CP] Copy Pods Resources */ = {
			isa = PBXShellScriptBuildPhase;
			buildActionMask = 2147483647;
			files = (
			);
			inputPaths = (
			);
			name = "[CP] Copy Pods Resources";
			outputPaths = (
			);
			runOnlyForDeploymentPostprocessing = 0;
			shellPath = /bin/sh;
			shellScript = "\"${SRCROOT}/Pods/Target Support Files/Pods-LinkTree/Pods-LinkTree-resources.sh\"\n";
			showEnvVarsInLog = 0;
		};
		27D76E865D282421EF02FE01 /* [CP] Check Pods Manifest.lock */ = {
			isa = PBXShellScriptBuildPhase;
			buildActionMask = 2147483647;
			files = (
			);
			inputPaths = (
				"${PODS_PODFILE_DIR_PATH}/Podfile.lock",
				"${PODS_ROOT}/Manifest.lock",
			);
			name = "[CP] Check Pods Manifest.lock";
			outputPaths = (
				"$(DERIVED_FILE_DIR)/Pods-LinkTree-checkManifestLockResult.txt",
			);
			runOnlyForDeploymentPostprocessing = 0;
			shellPath = /bin/sh;
			shellScript = "diff \"${PODS_PODFILE_DIR_PATH}/Podfile.lock\" \"${PODS_ROOT}/Manifest.lock\" > /dev/null\nif [ $? != 0 ] ; then\n    # print error to STDERR\n    echo \"error: The sandbox is not in sync with the Podfile.lock. Run 'pod install' or update your CocoaPods installation.\" >&2\n    exit 1\nfi\n# This output is used by Xcode 'outputs' to avoid re-running this script phase.\necho \"SUCCESS\" > \"${SCRIPT_OUTPUT_FILE_0}\"\n";
			showEnvVarsInLog = 0;
		};
		9F146C301CD1E6323A30F284 /* [CP] Embed Pods Frameworks */ = {
			isa = PBXShellScriptBuildPhase;
			buildActionMask = 2147483647;
			files = (
			);
			inputPaths = (
				"${SRCROOT}/Pods/Target Support Files/Pods-LinkTree/Pods-LinkTree-frameworks.sh",
				"${BUILT_PRODUCTS_DIR}/AFNetworking/AFNetworking.framework",
				"${BUILT_PRODUCTS_DIR}/FMDB/FMDB.framework",
				"${BUILT_PRODUCTS_DIR}/SDWebImage/SDWebImage.framework",
				"${BUILT_PRODUCTS_DIR}/YYImage/YYImage.framework",
				"${BUILT_PRODUCTS_DIR}/YYModel/YYModel.framework",
				"${BUILT_PRODUCTS_DIR}/YYText/YYText.framework",
			);
			name = "[CP] Embed Pods Frameworks";
			outputPaths = (
				"${TARGET_BUILD_DIR}/${FRAMEWORKS_FOLDER_PATH}/AFNetworking.framework",
				"${TARGET_BUILD_DIR}/${FRAMEWORKS_FOLDER_PATH}/FMDB.framework",
				"${TARGET_BUILD_DIR}/${FRAMEWORKS_FOLDER_PATH}/SDWebImage.framework",
				"${TARGET_BUILD_DIR}/${FRAMEWORKS_FOLDER_PATH}/YYImage.framework",
				"${TARGET_BUILD_DIR}/${FRAMEWORKS_FOLDER_PATH}/YYModel.framework",
				"${TARGET_BUILD_DIR}/${FRAMEWORKS_FOLDER_PATH}/YYText.framework",
			);
			runOnlyForDeploymentPostprocessing = 0;
			shellPath = /bin/sh;
			shellScript = "\"${SRCROOT}/Pods/Target Support Files/Pods-LinkTree/Pods-LinkTree-frameworks.sh\"\n";
			showEnvVarsInLog = 0;
		};
/* End PBXShellScriptBuildPhase section */

/* Begin PBXSourcesBuildPhase section */
		F7F5EE932062935900098DCC /* Sources */ = {
			isa = PBXSourcesBuildPhase;
			buildActionMask = 2147483647;
			files = (
				F790039220747CFF0024DC5B /* NSObject+LTExtension.m in Sources */,
				F790038F20747CF30024DC5B /* NSMutableArray+LTExtension.m in Sources */,
				F7F5EE9F2062935900098DCC /* ViewController.m in Sources */,
				F790038C20747CEA0024DC5B /* NSArray+LTExtension.m in Sources */,
				F7F5EEAA2062935900098DCC /* main.m in Sources */,
				F790038920747CDE0024DC5B /* NSMutableAttributedString+LTExtension.m in Sources */,
				F71DCD7B20749DE700FC7371 /* NSAttributedString+LTExtension.m in Sources */,
				F790037B20747C5F0024DC5B /* NSMutableDictionary+LTExtension.m in Sources */,
				F71DCD7820749D3B00FC7371 /* NSMutableData+LTExtension.m in Sources */,
				F7F5EE9C2062935900098DCC /* AppDelegate.m in Sources */,
				F723847C20865592009E7B75 /* UIColor+LTExtension.m in Sources */,
				F72ED181207C70480007D7AE /* LTUIHelper.m in Sources */,
				F790037A20747C5F0024DC5B /* NSDictionary+LTExtension.m in Sources */,
				F790038620747CC50024DC5B /* NSMutableString+LTExtension.m in Sources */,
				F790038120747C7B0024DC5B /* NSString+LTExtension.m in Sources */,
				F703A4D12090CABF00BFE8C9 /* NSDate+LTExtension.m in Sources */,
				F790037E20747C6D0024DC5B /* NSData+LTExtension.m in Sources */,
			);
			runOnlyForDeploymentPostprocessing = 0;
		};
		F7F5EEAB2062935900098DCC /* Sources */ = {
			isa = PBXSourcesBuildPhase;
			buildActionMask = 2147483647;
			files = (
				F7F5EEB42062935900098DCC /* LinkTreeTests.m in Sources */,
			);
			runOnlyForDeploymentPostprocessing = 0;
		};
		F7F5EEB62062935900098DCC /* Sources */ = {
			isa = PBXSourcesBuildPhase;
			buildActionMask = 2147483647;
			files = (
				F7F5EEBF2062935900098DCC /* LinkTreeUITests.m in Sources */,
			);
			runOnlyForDeploymentPostprocessing = 0;
		};
/* End PBXSourcesBuildPhase section */

/* Begin PBXTargetDependency section */
		F7F5EEB12062935900098DCC /* PBXTargetDependency */ = {
			isa = PBXTargetDependency;
			target = F7F5EE962062935900098DCC /* LinkTree */;
			targetProxy = F7F5EEB02062935900098DCC /* PBXContainerItemProxy */;
		};
		F7F5EEBC2062935900098DCC /* PBXTargetDependency */ = {
			isa = PBXTargetDependency;
			target = F7F5EE962062935900098DCC /* LinkTree */;
			targetProxy = F7F5EEBB2062935900098DCC /* PBXContainerItemProxy */;
		};
/* End PBXTargetDependency section */

/* Begin PBXVariantGroup section */
		F7F5EEA02062935900098DCC /* Main.storyboard */ = {
			isa = PBXVariantGroup;
			children = (
				F7F5EEA12062935900098DCC /* Base */,
			);
			name = Main.storyboard;
			sourceTree = "<group>";
		};
		F7F5EEA52062935900098DCC /* LaunchScreen.storyboard */ = {
			isa = PBXVariantGroup;
			children = (
				F7F5EEA62062935900098DCC /* Base */,
			);
			name = LaunchScreen.storyboard;
			sourceTree = "<group>";
		};
/* End PBXVariantGroup section */

/* Begin XCBuildConfiguration section */
		F7F5EEC12062935900098DCC /* Debug */ = {
			isa = XCBuildConfiguration;
			buildSettings = {
				ALWAYS_SEARCH_USER_PATHS = NO;
				CLANG_ANALYZER_NONNULL = YES;
				CLANG_ANALYZER_NUMBER_OBJECT_CONVERSION = YES_AGGRESSIVE;
				CLANG_CXX_LANGUAGE_STANDARD = "gnu++14";
				CLANG_CXX_LIBRARY = "libc++";
				CLANG_ENABLE_MODULES = YES;
				CLANG_ENABLE_OBJC_ARC = YES;
				CLANG_WARN_BLOCK_CAPTURE_AUTORELEASING = YES;
				CLANG_WARN_BOOL_CONVERSION = YES;
				CLANG_WARN_COMMA = YES;
				CLANG_WARN_CONSTANT_CONVERSION = YES;
				CLANG_WARN_DIRECT_OBJC_ISA_USAGE = YES_ERROR;
				CLANG_WARN_DOCUMENTATION_COMMENTS = YES;
				CLANG_WARN_EMPTY_BODY = YES;
				CLANG_WARN_ENUM_CONVERSION = YES;
				CLANG_WARN_INFINITE_RECURSION = YES;
				CLANG_WARN_INT_CONVERSION = YES;
				CLANG_WARN_NON_LITERAL_NULL_CONVERSION = YES;
				CLANG_WARN_OBJC_LITERAL_CONVERSION = YES;
				CLANG_WARN_OBJC_ROOT_CLASS = YES_ERROR;
				CLANG_WARN_RANGE_LOOP_ANALYSIS = YES;
				CLANG_WARN_STRICT_PROTOTYPES = YES;
				CLANG_WARN_SUSPICIOUS_MOVE = YES;
				CLANG_WARN_UNGUARDED_AVAILABILITY = YES_AGGRESSIVE;
				CLANG_WARN_UNREACHABLE_CODE = YES;
				CLANG_WARN__DUPLICATE_METHOD_MATCH = YES;
				CODE_SIGN_IDENTITY = "iPhone Developer";
				COPY_PHASE_STRIP = NO;
				DEBUG_INFORMATION_FORMAT = dwarf;
				ENABLE_STRICT_OBJC_MSGSEND = YES;
				ENABLE_TESTABILITY = YES;
				GCC_C_LANGUAGE_STANDARD = gnu11;
				GCC_DYNAMIC_NO_PIC = NO;
				GCC_NO_COMMON_BLOCKS = YES;
				GCC_OPTIMIZATION_LEVEL = 0;
				GCC_PREPROCESSOR_DEFINITIONS = (
					"DEBUG=1",
					"$(inherited)",
				);
				GCC_WARN_64_TO_32_BIT_CONVERSION = YES;
				GCC_WARN_ABOUT_RETURN_TYPE = YES_ERROR;
				GCC_WARN_UNDECLARED_SELECTOR = YES;
				GCC_WARN_UNINITIALIZED_AUTOS = YES_AGGRESSIVE;
				GCC_WARN_UNUSED_FUNCTION = YES;
				GCC_WARN_UNUSED_VARIABLE = YES;
				IPHONEOS_DEPLOYMENT_TARGET = 11.2;
				MTL_ENABLE_DEBUG_INFO = YES;
				ONLY_ACTIVE_ARCH = YES;
				SDKROOT = iphoneos;
			};
			name = Debug;
		};
		F7F5EEC22062935900098DCC /* Release */ = {
			isa = XCBuildConfiguration;
			buildSettings = {
				ALWAYS_SEARCH_USER_PATHS = NO;
				CLANG_ANALYZER_NONNULL = YES;
				CLANG_ANALYZER_NUMBER_OBJECT_CONVERSION = YES_AGGRESSIVE;
				CLANG_CXX_LANGUAGE_STANDARD = "gnu++14";
				CLANG_CXX_LIBRARY = "libc++";
				CLANG_ENABLE_MODULES = YES;
				CLANG_ENABLE_OBJC_ARC = YES;
				CLANG_WARN_BLOCK_CAPTURE_AUTORELEASING = YES;
				CLANG_WARN_BOOL_CONVERSION = YES;
				CLANG_WARN_COMMA = YES;
				CLANG_WARN_CONSTANT_CONVERSION = YES;
				CLANG_WARN_DIRECT_OBJC_ISA_USAGE = YES_ERROR;
				CLANG_WARN_DOCUMENTATION_COMMENTS = YES;
				CLANG_WARN_EMPTY_BODY = YES;
				CLANG_WARN_ENUM_CONVERSION = YES;
				CLANG_WARN_INFINITE_RECURSION = YES;
				CLANG_WARN_INT_CONVERSION = YES;
				CLANG_WARN_NON_LITERAL_NULL_CONVERSION = YES;
				CLANG_WARN_OBJC_LITERAL_CONVERSION = YES;
				CLANG_WARN_OBJC_ROOT_CLASS = YES_ERROR;
				CLANG_WARN_RANGE_LOOP_ANALYSIS = YES;
				CLANG_WARN_STRICT_PROTOTYPES = YES;
				CLANG_WARN_SUSPICIOUS_MOVE = YES;
				CLANG_WARN_UNGUARDED_AVAILABILITY = YES_AGGRESSIVE;
				CLANG_WARN_UNREACHABLE_CODE = YES;
				CLANG_WARN__DUPLICATE_METHOD_MATCH = YES;
				CODE_SIGN_IDENTITY = "iPhone Developer";
				COPY_PHASE_STRIP = NO;
				DEBUG_INFORMATION_FORMAT = "dwarf-with-dsym";
				ENABLE_NS_ASSERTIONS = NO;
				ENABLE_STRICT_OBJC_MSGSEND = YES;
				GCC_C_LANGUAGE_STANDARD = gnu11;
				GCC_NO_COMMON_BLOCKS = YES;
				GCC_WARN_64_TO_32_BIT_CONVERSION = YES;
				GCC_WARN_ABOUT_RETURN_TYPE = YES_ERROR;
				GCC_WARN_UNDECLARED_SELECTOR = YES;
				GCC_WARN_UNINITIALIZED_AUTOS = YES_AGGRESSIVE;
				GCC_WARN_UNUSED_FUNCTION = YES;
				GCC_WARN_UNUSED_VARIABLE = YES;
				IPHONEOS_DEPLOYMENT_TARGET = 11.2;
				MTL_ENABLE_DEBUG_INFO = NO;
				SDKROOT = iphoneos;
				VALIDATE_PRODUCT = YES;
			};
			name = Release;
		};
		F7F5EEC42062935900098DCC /* Debug */ = {
			isa = XCBuildConfiguration;
			baseConfigurationReference = CCAD5C58E68A893D836EB9F7 /* Pods-LinkTree.debug.xcconfig */;
			buildSettings = {
				ASSETCATALOG_COMPILER_APPICON_NAME = AppIcon;
				CODE_SIGN_STYLE = Automatic;
				DEVELOPMENT_TEAM = 9VLGKW454T;
				INFOPLIST_FILE = LinkTree/Info.plist;
				LD_RUNPATH_SEARCH_PATHS = "$(inherited) @executable_path/Frameworks";
				PRODUCT_BUNDLE_IDENTIFIER = com.lizhan.LinkTree;
				PRODUCT_NAME = "$(TARGET_NAME)";
				TARGETED_DEVICE_FAMILY = "1,2";
			};
			name = Debug;
		};
		F7F5EEC52062935900098DCC /* Release */ = {
			isa = XCBuildConfiguration;
			baseConfigurationReference = 8374CD63E4F8D71AC2AB095A /* Pods-LinkTree.release.xcconfig */;
			buildSettings = {
				ASSETCATALOG_COMPILER_APPICON_NAME = AppIcon;
				CODE_SIGN_STYLE = Automatic;
				DEVELOPMENT_TEAM = 9VLGKW454T;
				INFOPLIST_FILE = LinkTree/Info.plist;
				LD_RUNPATH_SEARCH_PATHS = "$(inherited) @executable_path/Frameworks";
				PRODUCT_BUNDLE_IDENTIFIER = com.lizhan.LinkTree;
				PRODUCT_NAME = "$(TARGET_NAME)";
				TARGETED_DEVICE_FAMILY = "1,2";
			};
			name = Release;
		};
		F7F5EEC72062935900098DCC /* Debug */ = {
			isa = XCBuildConfiguration;
			buildSettings = {
				BUNDLE_LOADER = "$(TEST_HOST)";
				CODE_SIGN_STYLE = Automatic;
				DEVELOPMENT_TEAM = 9VLGKW454T;
				INFOPLIST_FILE = LinkTreeTests/Info.plist;
				LD_RUNPATH_SEARCH_PATHS = "$(inherited) @executable_path/Frameworks @loader_path/Frameworks";
				PRODUCT_BUNDLE_IDENTIFIER = com.lizhan.LinkTreeTests;
				PRODUCT_NAME = "$(TARGET_NAME)";
				TARGETED_DEVICE_FAMILY = "1,2";
				TEST_HOST = "$(BUILT_PRODUCTS_DIR)/LinkTree.app/LinkTree";
			};
			name = Debug;
		};
		F7F5EEC82062935900098DCC /* Release */ = {
			isa = XCBuildConfiguration;
			buildSettings = {
				BUNDLE_LOADER = "$(TEST_HOST)";
				CODE_SIGN_STYLE = Automatic;
				DEVELOPMENT_TEAM = 9VLGKW454T;
				INFOPLIST_FILE = LinkTreeTests/Info.plist;
				LD_RUNPATH_SEARCH_PATHS = "$(inherited) @executable_path/Frameworks @loader_path/Frameworks";
				PRODUCT_BUNDLE_IDENTIFIER = com.lizhan.LinkTreeTests;
				PRODUCT_NAME = "$(TARGET_NAME)";
				TARGETED_DEVICE_FAMILY = "1,2";
				TEST_HOST = "$(BUILT_PRODUCTS_DIR)/LinkTree.app/LinkTree";
			};
			name = Release;
		};
		F7F5EECA2062935900098DCC /* Debug */ = {
			isa = XCBuildConfiguration;
			buildSettings = {
				CODE_SIGN_STYLE = Automatic;
				DEVELOPMENT_TEAM = 9VLGKW454T;
				INFOPLIST_FILE = LinkTreeUITests/Info.plist;
				LD_RUNPATH_SEARCH_PATHS = "$(inherited) @executable_path/Frameworks @loader_path/Frameworks";
				PRODUCT_BUNDLE_IDENTIFIER = com.lizhan.LinkTreeUITests;
				PRODUCT_NAME = "$(TARGET_NAME)";
				TARGETED_DEVICE_FAMILY = "1,2";
				TEST_TARGET_NAME = LinkTree;
			};
			name = Debug;
		};
		F7F5EECB2062935900098DCC /* Release */ = {
			isa = XCBuildConfiguration;
			buildSettings = {
				CODE_SIGN_STYLE = Automatic;
				DEVELOPMENT_TEAM = 9VLGKW454T;
				INFOPLIST_FILE = LinkTreeUITests/Info.plist;
				LD_RUNPATH_SEARCH_PATHS = "$(inherited) @executable_path/Frameworks @loader_path/Frameworks";
				PRODUCT_BUNDLE_IDENTIFIER = com.lizhan.LinkTreeUITests;
				PRODUCT_NAME = "$(TARGET_NAME)";
				TARGETED_DEVICE_FAMILY = "1,2";
				TEST_TARGET_NAME = LinkTree;
			};
			name = Release;
		};
/* End XCBuildConfiguration section */

/* Begin XCConfigurationList section */
		F7F5EE922062935900098DCC /* Build configuration list for PBXProject "LinkTree" */ = {
			isa = XCConfigurationList;
			buildConfigurations = (
				F7F5EEC12062935900098DCC /* Debug */,
				F7F5EEC22062935900098DCC /* Release */,
			);
			defaultConfigurationIsVisible = 0;
			defaultConfigurationName = Release;
		};
		F7F5EEC32062935900098DCC /* Build configuration list for PBXNativeTarget "LinkTree" */ = {
			isa = XCConfigurationList;
			buildConfigurations = (
				F7F5EEC42062935900098DCC /* Debug */,
				F7F5EEC52062935900098DCC /* Release */,
			);
			defaultConfigurationIsVisible = 0;
			defaultConfigurationName = Release;
		};
		F7F5EEC62062935900098DCC /* Build configuration list for PBXNativeTarget "LinkTreeTests" */ = {
			isa = XCConfigurationList;
			buildConfigurations = (
				F7F5EEC72062935900098DCC /* Debug */,
				F7F5EEC82062935900098DCC /* Release */,
			);
			defaultConfigurationIsVisible = 0;
			defaultConfigurationName = Release;
		};
		F7F5EEC92062935900098DCC /* Build configuration list for PBXNativeTarget "LinkTreeUITests" */ = {
			isa = XCConfigurationList;
			buildConfigurations = (
				F7F5EECA2062935900098DCC /* Debug */,
				F7F5EECB2062935900098DCC /* Release */,
			);
			defaultConfigurationIsVisible = 0;
			defaultConfigurationName = Release;
		};
/* End XCConfigurationList section */
	};
	rootObject = F7F5EE8F2062935900098DCC /* Project object */;
}
